
Microsoft Visual Studio Solution File, Format Version 12.00
# Visual Studio Version 16
VisualStudioVersion = 16.0.29430.225
MinimumVisualStudioVersion = 10.0.40219.1
Project("{9A19103F-16F7-4668-BE54-9A1E7A4F7556}") = "UnderTheBrand.Domain.Core", "UnderTheBrand.Domain.Core\UnderTheBrand.Domain.Core.csproj", "{98821CC0-D0FE-4A36-A884-9B0769B775CF}"
EndProject
Project("{2150E333-8FDC-42A3-9474-1A3956D46DE8}") = "Domain", "Domain", "{4CA9FFCB-F1E8-4F14-BA58-E418BBA58A72}"
EndProject
Project("{9A19103F-16F7-4668-BE54-9A1E7A4F7556}") = "UnderTheBrand.Domain.Interfaces", "UnderTheBrand.Domain.Interfaces\UnderTheBrand.Domain.Interfaces.csproj", "{1DB222F3-9D6E-42A7-AC32-10C34E28664D}"
EndProject
Project("{2150E333-8FDC-42A3-9474-1A3956D46DE8}") = "Infrastructure", "Infrastructure", "{C13D4610-42E8-46E0-9455-7CA1254B0B4A}"
EndProject
Project("{2150E333-8FDC-42A3-9474-1A3956D46DE8}") = "Presentation", "Presentation", "{8CDE87AB-903B-4415-9AA2-507D0F7EE82B}"
EndProject
Project("{2150E333-8FDC-42A3-9474-1A3956D46DE8}") = "Services", "Services", "{81C61B69-6770-4F4C-82FF-1721FEF7BF26}"
EndProject
Project("{9A19103F-16F7-4668-BE54-9A1E7A4F7556}") = "UnderTheBrand.Infrastructure.DAL", "UnderTheBrand.Infrastructure.DAL\UnderTheBrand.Infrastructure.DAL.csproj", "{CD51290E-B012-4502-A8FD-F29846BD8676}"
EndProject
Project("{9A19103F-16F7-4668-BE54-9A1E7A4F7556}") = "UnderTheBrand.Presentation.Server", "UnderTheBrand.Presentation.Server\UnderTheBrand.Presentation.Server.csproj", "{C4DE3797-8D94-42DE-9450-2CBE424B0ABA}"
EndProject
Project("{9A19103F-16F7-4668-BE54-9A1E7A4F7556}") = "UnderTheBrand.Infrastructure.DTO", "UnderTheBrand.Infrastructure.DTO\UnderTheBrand.Infrastructure.DTO.csproj", "{BD1D9865-E6B3-4FE4-86F6-E08914905030}"
EndProject
Project("{2150E333-8FDC-42A3-9474-1A3956D46DE8}") = "Tests", "Tests", "{DF379BD6-9BC9-429F-A5F7-278274C6038E}"
EndProject
Project("{9A19103F-16F7-4668-BE54-9A1E7A4F7556}") = "UnderTheBrand.Domain.Core.Tests", "UnderTheBrand.Domain.Core.Tests\UnderTheBrand.Domain.Core.Tests.csproj", "{EFC5C7E2-A754-41A1-A6FD-0C8EDAB96BA7}"
EndProject
Project("{9A19103F-16F7-4668-BE54-9A1E7A4F7556}") = "UnderTheBrand.Domain.ValueObject", "UnderTheBrand.Domain.ValueObject\UnderTheBrand.Domain.ValueObject.csproj", "{A14C3154-6918-489B-8B42-FA8A8BF8CD6E}"
EndProject
Project("{9A19103F-16F7-4668-BE54-9A1E7A4F7556}") = "UnderTheBrand.Domain.ValueObject.Tests", "UnderTheBrand.Domain.ValueObject.Tests\UnderTheBrand.Domain.ValueObject.Tests.csproj", "{DD65B11C-80EB-483B-92DE-4F005813BA2D}"
EndProject
Project("{9A19103F-16F7-4668-BE54-9A1E7A4F7556}") = "UnderTheBrand.Domain.Entity", "UnderTheBrand.Domain.Entity\UnderTheBrand.Domain.Entity.csproj", "{35ECC0E3-B4AE-445A-AE66-B9A66206DA79}"
EndProject
Project("{FAE04EC0-301F-11D3-BF4B-00C04F79EFBC}") = "UnderTheBrand.Presentation.UWP", "UnderTheBrand.Presentation\UnderTheBrand.Presentation.UWP\UnderTheBrand.Presentation.UWP.csproj", "{9EE83382-0A02-4902-ABBC-6EE6E412F2F4}"
EndProject
Project("{FAE04EC0-301F-11D3-BF4B-00C04F79EFBC}") = "UnderTheBrand.Presentation.Android", "UnderTheBrand.Presentation\UnderTheBrand.Presentation.Android\UnderTheBrand.Presentation.Android.csproj", "{5481D836-F60E-4717-A0C1-8C5572AA9702}"
EndProject
Project("{FAE04EC0-301F-11D3-BF4B-00C04F79EFBC}") = "UnderTheBrand.Presentation.iOS", "UnderTheBrand.Presentation\UnderTheBrand.Presentation.iOS\UnderTheBrand.Presentation.iOS.csproj", "{0A55DBB5-1FAD-4B24-BEB8-B607F2B4171A}"
EndProject
Project("{9A19103F-16F7-4668-BE54-9A1E7A4F7556}") = "UnderTheBrand.Infrastructure.Mobile", "UnderTheBrand.Infrastructure.Mobile\UnderTheBrand.Infrastructure.Mobile.csproj", "{67B4CC11-5B73-4390-BF16-8E5D97436026}"
EndProject
Project("{9A19103F-16F7-4668-BE54-9A1E7A4F7556}") = "UnderTheBrand.Infrastructure.ViewModel", "UnderTheBrand.Infrastructure.ViewModel\UnderTheBrand.Infrastructure.ViewModel.csproj", "{3509A08D-C37B-4902-A81D-E5CE83C5E259}"
EndProject
Project("{2150E333-8FDC-42A3-9474-1A3956D46DE8}") = "Documents", "Documents", "{1C321C38-8309-4768-8774-B68C7695B33D}"
EndProject
Project("{2150E333-8FDC-42A3-9474-1A3956D46DE8}") = "Architecture", "Architecture", "{618D580F-DCE1-4F8F-9DFE-91156E1A7A6E}"
	ProjectSection(SolutionItems) = preProject
		..\..\..\Desktop\Архитектура.jpg = ..\..\..\Desktop\Архитектура.jpg
	EndProjectSection
EndProject
Project("{2150E333-8FDC-42A3-9474-1A3956D46DE8}") = "Business", "Business", "{C240C5D7-BDE8-4AB5-85AD-73FE46C42A05}"
	ProjectSection(SolutionItems) = preProject
		UnderTheBrand.Presentation\UnderTheBrand.Presentation.UWP\logo_utb.jpg = UnderTheBrand.Presentation\UnderTheBrand.Presentation.UWP\logo_utb.jpg
	EndProjectSection
EndProject
Project("{FAE04EC0-301F-11D3-BF4B-00C04F79EFBC}") = "UnderTheBrand.Domain.Entity.Tests", "UnderTheBrand.Domain.Entity.Tests\UnderTheBrand.Domain.Entity.Tests.csproj", "{DD92FEC2-7C32-494C-BB6B-8FB944E0A06D}"
EndProject
Global
	GlobalSection(SolutionConfigurationPlatforms) = preSolution
		Debug|Any CPU = Debug|Any CPU
		Debug|ARM = Debug|ARM
		Debug|iPhone = Debug|iPhone
		Debug|iPhoneSimulator = Debug|iPhoneSimulator
		Debug|x64 = Debug|x64
		Debug|x86 = Debug|x86
		Release|Any CPU = Release|Any CPU
		Release|ARM = Release|ARM
		Release|iPhone = Release|iPhone
		Release|iPhoneSimulator = Release|iPhoneSimulator
		Release|x64 = Release|x64
		Release|x86 = Release|x86
	EndGlobalSection
	GlobalSection(ProjectConfigurationPlatforms) = postSolution
		{98821CC0-D0FE-4A36-A884-9B0769B775CF}.Debug|Any CPU.ActiveCfg = Debug|Any CPU
		{98821CC0-D0FE-4A36-A884-9B0769B775CF}.Debug|Any CPU.Build.0 = Debug|Any CPU
		{98821CC0-D0FE-4A36-A884-9B0769B775CF}.Debug|ARM.ActiveCfg = Debug|Any CPU
		{98821CC0-D0FE-4A36-A884-9B0769B775CF}.Debug|ARM.Build.0 = Debug|Any CPU
		{98821CC0-D0FE-4A36-A884-9B0769B775CF}.Debug|iPhone.ActiveCfg = Debug|Any CPU
		{98821CC0-D0FE-4A36-A884-9B0769B775CF}.Debug|iPhone.Build.0 = Debug|Any CPU
		{98821CC0-D0FE-4A36-A884-9B0769B775CF}.Debug|iPhoneSimulator.ActiveCfg = Debug|Any CPU
		{98821CC0-D0FE-4A36-A884-9B0769B775CF}.Debug|iPhoneSimulator.Build.0 = Debug|Any CPU
		{98821CC0-D0FE-4A36-A884-9B0769B775CF}.Debug|x64.ActiveCfg = Debug|Any CPU
		{98821CC0-D0FE-4A36-A884-9B0769B775CF}.Debug|x64.Build.0 = Debug|Any CPU
		{98821CC0-D0FE-4A36-A884-9B0769B775CF}.Debug|x86.ActiveCfg = Debug|Any CPU
		{98821CC0-D0FE-4A36-A884-9B0769B775CF}.Debug|x86.Build.0 = Debug|Any CPU
		{98821CC0-D0FE-4A36-A884-9B0769B775CF}.Release|Any CPU.ActiveCfg = Release|Any CPU
		{98821CC0-D0FE-4A36-A884-9B0769B775CF}.Release|Any CPU.Build.0 = Release|Any CPU
		{98821CC0-D0FE-4A36-A884-9B0769B775CF}.Release|ARM.ActiveCfg = Release|Any CPU
		{98821CC0-D0FE-4A36-A884-9B0769B775CF}.Release|ARM.Build.0 = Release|Any CPU
		{98821CC0-D0FE-4A36-A884-9B0769B775CF}.Release|iPhone.ActiveCfg = Release|Any CPU
		{98821CC0-D0FE-4A36-A884-9B0769B775CF}.Release|iPhone.Build.0 = Release|Any CPU
		{98821CC0-D0FE-4A36-A884-9B0769B775CF}.Release|iPhoneSimulator.ActiveCfg = Release|Any CPU
		{98821CC0-D0FE-4A36-A884-9B0769B775CF}.Release|iPhoneSimulator.Build.0 = Release|Any CPU
		{98821CC0-D0FE-4A36-A884-9B0769B775CF}.Release|x64.ActiveCfg = Release|Any CPU
		{98821CC0-D0FE-4A36-A884-9B0769B775CF}.Release|x64.Build.0 = Release|Any CPU
		{98821CC0-D0FE-4A36-A884-9B0769B775CF}.Release|x86.ActiveCfg = Release|Any CPU
		{98821CC0-D0FE-4A36-A884-9B0769B775CF}.Release|x86.Build.0 = Release|Any CPU
		{1DB222F3-9D6E-42A7-AC32-10C34E28664D}.Debug|Any CPU.ActiveCfg = Debug|Any CPU
		{1DB222F3-9D6E-42A7-AC32-10C34E28664D}.Debug|Any CPU.Build.0 = Debug|Any CPU
		{1DB222F3-9D6E-42A7-AC32-10C34E28664D}.Debug|ARM.ActiveCfg = Debug|Any CPU
		{1DB222F3-9D6E-42A7-AC32-10C34E28664D}.Debug|ARM.Build.0 = Debug|Any CPU
		{1DB222F3-9D6E-42A7-AC32-10C34E28664D}.Debug|iPhone.ActiveCfg = Debug|Any CPU
		{1DB222F3-9D6E-42A7-AC32-10C34E28664D}.Debug|iPhone.Build.0 = Debug|Any CPU
		{1DB222F3-9D6E-42A7-AC32-10C34E28664D}.Debug|iPhoneSimulator.ActiveCfg = Debug|Any CPU
		{1DB222F3-9D6E-42A7-AC32-10C34E28664D}.Debug|iPhoneSimulator.Build.0 = Debug|Any CPU
		{1DB222F3-9D6E-42A7-AC32-10C34E28664D}.Debug|x64.ActiveCfg = Debug|Any CPU
		{1DB222F3-9D6E-42A7-AC32-10C34E28664D}.Debug|x64.Build.0 = Debug|Any CPU
		{1DB222F3-9D6E-42A7-AC32-10C34E28664D}.Debug|x86.ActiveCfg = Debug|Any CPU
		{1DB222F3-9D6E-42A7-AC32-10C34E28664D}.Debug|x86.Build.0 = Debug|Any CPU
		{1DB222F3-9D6E-42A7-AC32-10C34E28664D}.Release|Any CPU.ActiveCfg = Release|Any CPU
		{1DB222F3-9D6E-42A7-AC32-10C34E28664D}.Release|Any CPU.Build.0 = Release|Any CPU
		{1DB222F3-9D6E-42A7-AC32-10C34E28664D}.Release|ARM.ActiveCfg = Release|Any CPU
		{1DB222F3-9D6E-42A7-AC32-10C34E28664D}.Release|ARM.Build.0 = Release|Any CPU
		{1DB222F3-9D6E-42A7-AC32-10C34E28664D}.Release|iPhone.ActiveCfg = Release|Any CPU
		{1DB222F3-9D6E-42A7-AC32-10C34E28664D}.Release|iPhone.Build.0 = Release|Any CPU
		{1DB222F3-9D6E-42A7-AC32-10C34E28664D}.Release|iPhoneSimulator.ActiveCfg = Release|Any CPU
		{1DB222F3-9D6E-42A7-AC32-10C34E28664D}.Release|iPhoneSimulator.Build.0 = Release|Any CPU
		{1DB222F3-9D6E-42A7-AC32-10C34E28664D}.Release|x64.ActiveCfg = Release|Any CPU
		{1DB222F3-9D6E-42A7-AC32-10C34E28664D}.Release|x64.Build.0 = Release|Any CPU
		{1DB222F3-9D6E-42A7-AC32-10C34E28664D}.Release|x86.ActiveCfg = Release|Any CPU
		{1DB222F3-9D6E-42A7-AC32-10C34E28664D}.Release|x86.Build.0 = Release|Any CPU
		{CD51290E-B012-4502-A8FD-F29846BD8676}.Debug|Any CPU.ActiveCfg = Debug|Any CPU
		{CD51290E-B012-4502-A8FD-F29846BD8676}.Debug|Any CPU.Build.0 = Debug|Any CPU
		{CD51290E-B012-4502-A8FD-F29846BD8676}.Debug|ARM.ActiveCfg = Debug|Any CPU
		{CD51290E-B012-4502-A8FD-F29846BD8676}.Debug|ARM.Build.0 = Debug|Any CPU
		{CD51290E-B012-4502-A8FD-F29846BD8676}.Debug|iPhone.ActiveCfg = Debug|Any CPU
		{CD51290E-B012-4502-A8FD-F29846BD8676}.Debug|iPhone.Build.0 = Debug|Any CPU
		{CD51290E-B012-4502-A8FD-F29846BD8676}.Debug|iPhoneSimulator.ActiveCfg = Debug|Any CPU
		{CD51290E-B012-4502-A8FD-F29846BD8676}.Debug|iPhoneSimulator.Build.0 = Debug|Any CPU
		{CD51290E-B012-4502-A8FD-F29846BD8676}.Debug|x64.ActiveCfg = Debug|Any CPU
		{CD51290E-B012-4502-A8FD-F29846BD8676}.Debug|x64.Build.0 = Debug|Any CPU
		{CD51290E-B012-4502-A8FD-F29846BD8676}.Debug|x86.ActiveCfg = Debug|Any CPU
		{CD51290E-B012-4502-A8FD-F29846BD8676}.Debug|x86.Build.0 = Debug|Any CPU
		{CD51290E-B012-4502-A8FD-F29846BD8676}.Release|Any CPU.ActiveCfg = Release|Any CPU
		{CD51290E-B012-4502-A8FD-F29846BD8676}.Release|Any CPU.Build.0 = Release|Any CPU
		{CD51290E-B012-4502-A8FD-F29846BD8676}.Release|ARM.ActiveCfg = Release|Any CPU
		{CD51290E-B012-4502-A8FD-F29846BD8676}.Release|ARM.Build.0 = Release|Any CPU
		{CD51290E-B012-4502-A8FD-F29846BD8676}.Release|iPhone.ActiveCfg = Release|Any CPU
		{CD51290E-B012-4502-A8FD-F29846BD8676}.Release|iPhone.Build.0 = Release|Any CPU
		{CD51290E-B012-4502-A8FD-F29846BD8676}.Release|iPhoneSimulator.ActiveCfg = Release|Any CPU
		{CD51290E-B012-4502-A8FD-F29846BD8676}.Release|iPhoneSimulator.Build.0 = Release|Any CPU
		{CD51290E-B012-4502-A8FD-F29846BD8676}.Release|x64.ActiveCfg = Release|Any CPU
		{CD51290E-B012-4502-A8FD-F29846BD8676}.Release|x64.Build.0 = Release|Any CPU
		{CD51290E-B012-4502-A8FD-F29846BD8676}.Release|x86.ActiveCfg = Release|Any CPU
		{CD51290E-B012-4502-A8FD-F29846BD8676}.Release|x86.Build.0 = Release|Any CPU
		{C4DE3797-8D94-42DE-9450-2CBE424B0ABA}.Debug|Any CPU.ActiveCfg = Debug|Any CPU
		{C4DE3797-8D94-42DE-9450-2CBE424B0ABA}.Debug|Any CPU.Build.0 = Debug|Any CPU
		{C4DE3797-8D94-42DE-9450-2CBE424B0ABA}.Debug|ARM.ActiveCfg = Debug|Any CPU
		{C4DE3797-8D94-42DE-9450-2CBE424B0ABA}.Debug|ARM.Build.0 = Debug|Any CPU
		{C4DE3797-8D94-42DE-9450-2CBE424B0ABA}.Debug|iPhone.ActiveCfg = Debug|Any CPU
		{C4DE3797-8D94-42DE-9450-2CBE424B0ABA}.Debug|iPhone.Build.0 = Debug|Any CPU
		{C4DE3797-8D94-42DE-9450-2CBE424B0ABA}.Debug|iPhoneSimulator.ActiveCfg = Debug|Any CPU
		{C4DE3797-8D94-42DE-9450-2CBE424B0ABA}.Debug|iPhoneSimulator.Build.0 = Debug|Any CPU
		{C4DE3797-8D94-42DE-9450-2CBE424B0ABA}.Debug|x64.ActiveCfg = Debug|Any CPU
		{C4DE3797-8D94-42DE-9450-2CBE424B0ABA}.Debug|x64.Build.0 = Debug|Any CPU
		{C4DE3797-8D94-42DE-9450-2CBE424B0ABA}.Debug|x86.ActiveCfg = Debug|Any CPU
		{C4DE3797-8D94-42DE-9450-2CBE424B0ABA}.Debug|x86.Build.0 = Debug|Any CPU
		{C4DE3797-8D94-42DE-9450-2CBE424B0ABA}.Release|Any CPU.ActiveCfg = Release|Any CPU
		{C4DE3797-8D94-42DE-9450-2CBE424B0ABA}.Release|Any CPU.Build.0 = Release|Any CPU
		{C4DE3797-8D94-42DE-9450-2CBE424B0ABA}.Release|ARM.ActiveCfg = Release|Any CPU
		{C4DE3797-8D94-42DE-9450-2CBE424B0ABA}.Release|ARM.Build.0 = Release|Any CPU
		{C4DE3797-8D94-42DE-9450-2CBE424B0ABA}.Release|iPhone.ActiveCfg = Release|Any CPU
		{C4DE3797-8D94-42DE-9450-2CBE424B0ABA}.Release|iPhone.Build.0 = Release|Any CPU
		{C4DE3797-8D94-42DE-9450-2CBE424B0ABA}.Release|iPhoneSimulator.ActiveCfg = Release|Any CPU
		{C4DE3797-8D94-42DE-9450-2CBE424B0ABA}.Release|iPhoneSimulator.Build.0 = Release|Any CPU
		{C4DE3797-8D94-42DE-9450-2CBE424B0ABA}.Release|x64.ActiveCfg = Release|Any CPU
		{C4DE3797-8D94-42DE-9450-2CBE424B0ABA}.Release|x64.Build.0 = Release|Any CPU
		{C4DE3797-8D94-42DE-9450-2CBE424B0ABA}.Release|x86.ActiveCfg = Release|Any CPU
		{C4DE3797-8D94-42DE-9450-2CBE424B0ABA}.Release|x86.Build.0 = Release|Any CPU
		{BD1D9865-E6B3-4FE4-86F6-E08914905030}.Debug|Any CPU.ActiveCfg = Debug|Any CPU
		{BD1D9865-E6B3-4FE4-86F6-E08914905030}.Debug|Any CPU.Build.0 = Debug|Any CPU
		{BD1D9865-E6B3-4FE4-86F6-E08914905030}.Debug|ARM.ActiveCfg = Debug|Any CPU
		{BD1D9865-E6B3-4FE4-86F6-E08914905030}.Debug|ARM.Build.0 = Debug|Any CPU
		{BD1D9865-E6B3-4FE4-86F6-E08914905030}.Debug|iPhone.ActiveCfg = Debug|Any CPU
		{BD1D9865-E6B3-4FE4-86F6-E08914905030}.Debug|iPhone.Build.0 = Debug|Any CPU
		{BD1D9865-E6B3-4FE4-86F6-E08914905030}.Debug|iPhoneSimulator.ActiveCfg = Debug|Any CPU
		{BD1D9865-E6B3-4FE4-86F6-E08914905030}.Debug|iPhoneSimulator.Build.0 = Debug|Any CPU
		{BD1D9865-E6B3-4FE4-86F6-E08914905030}.Debug|x64.ActiveCfg = Debug|Any CPU
		{BD1D9865-E6B3-4FE4-86F6-E08914905030}.Debug|x64.Build.0 = Debug|Any CPU
		{BD1D9865-E6B3-4FE4-86F6-E08914905030}.Debug|x86.ActiveCfg = Debug|Any CPU
		{BD1D9865-E6B3-4FE4-86F6-E08914905030}.Debug|x86.Build.0 = Debug|Any CPU
		{BD1D9865-E6B3-4FE4-86F6-E08914905030}.Release|Any CPU.ActiveCfg = Release|Any CPU
		{BD1D9865-E6B3-4FE4-86F6-E08914905030}.Release|Any CPU.Build.0 = Release|Any CPU
		{BD1D9865-E6B3-4FE4-86F6-E08914905030}.Release|ARM.ActiveCfg = Release|Any CPU
		{BD1D9865-E6B3-4FE4-86F6-E08914905030}.Release|ARM.Build.0 = Release|Any CPU
		{BD1D9865-E6B3-4FE4-86F6-E08914905030}.Release|iPhone.ActiveCfg = Release|Any CPU
		{BD1D9865-E6B3-4FE4-86F6-E08914905030}.Release|iPhone.Build.0 = Release|Any CPU
		{BD1D9865-E6B3-4FE4-86F6-E08914905030}.Release|iPhoneSimulator.ActiveCfg = Release|Any CPU
		{BD1D9865-E6B3-4FE4-86F6-E08914905030}.Release|iPhoneSimulator.Build.0 = Release|Any CPU
		{BD1D9865-E6B3-4FE4-86F6-E08914905030}.Release|x64.ActiveCfg = Release|Any CPU
		{BD1D9865-E6B3-4FE4-86F6-E08914905030}.Release|x64.Build.0 = Release|Any CPU
		{BD1D9865-E6B3-4FE4-86F6-E08914905030}.Release|x86.ActiveCfg = Release|Any CPU
		{BD1D9865-E6B3-4FE4-86F6-E08914905030}.Release|x86.Build.0 = Release|Any CPU
		{EFC5C7E2-A754-41A1-A6FD-0C8EDAB96BA7}.Debug|Any CPU.ActiveCfg = Debug|Any CPU
		{EFC5C7E2-A754-41A1-A6FD-0C8EDAB96BA7}.Debug|Any CPU.Build.0 = Debug|Any CPU
		{EFC5C7E2-A754-41A1-A6FD-0C8EDAB96BA7}.Debug|ARM.ActiveCfg = Debug|Any CPU
		{EFC5C7E2-A754-41A1-A6FD-0C8EDAB96BA7}.Debug|ARM.Build.0 = Debug|Any CPU
		{EFC5C7E2-A754-41A1-A6FD-0C8EDAB96BA7}.Debug|iPhone.ActiveCfg = Debug|Any CPU
		{EFC5C7E2-A754-41A1-A6FD-0C8EDAB96BA7}.Debug|iPhone.Build.0 = Debug|Any CPU
		{EFC5C7E2-A754-41A1-A6FD-0C8EDAB96BA7}.Debug|iPhoneSimulator.ActiveCfg = Debug|Any CPU
		{EFC5C7E2-A754-41A1-A6FD-0C8EDAB96BA7}.Debug|iPhoneSimulator.Build.0 = Debug|Any CPU
		{EFC5C7E2-A754-41A1-A6FD-0C8EDAB96BA7}.Debug|x64.ActiveCfg = Debug|Any CPU
		{EFC5C7E2-A754-41A1-A6FD-0C8EDAB96BA7}.Debug|x64.Build.0 = Debug|Any CPU
		{EFC5C7E2-A754-41A1-A6FD-0C8EDAB96BA7}.Debug|x86.ActiveCfg = Debug|Any CPU
		{EFC5C7E2-A754-41A1-A6FD-0C8EDAB96BA7}.Debug|x86.Build.0 = Debug|Any CPU
		{EFC5C7E2-A754-41A1-A6FD-0C8EDAB96BA7}.Release|Any CPU.ActiveCfg = Release|Any CPU
		{EFC5C7E2-A754-41A1-A6FD-0C8EDAB96BA7}.Release|Any CPU.Build.0 = Release|Any CPU
		{EFC5C7E2-A754-41A1-A6FD-0C8EDAB96BA7}.Release|ARM.ActiveCfg = Release|Any CPU
		{EFC5C7E2-A754-41A1-A6FD-0C8EDAB96BA7}.Release|ARM.Build.0 = Release|Any CPU
		{EFC5C7E2-A754-41A1-A6FD-0C8EDAB96BA7}.Release|iPhone.ActiveCfg = Release|Any CPU
		{EFC5C7E2-A754-41A1-A6FD-0C8EDAB96BA7}.Release|iPhone.Build.0 = Release|Any CPU
		{EFC5C7E2-A754-41A1-A6FD-0C8EDAB96BA7}.Release|iPhoneSimulator.ActiveCfg = Release|Any CPU
		{EFC5C7E2-A754-41A1-A6FD-0C8EDAB96BA7}.Release|iPhoneSimulator.Build.0 = Release|Any CPU
		{EFC5C7E2-A754-41A1-A6FD-0C8EDAB96BA7}.Release|x64.ActiveCfg = Release|Any CPU
		{EFC5C7E2-A754-41A1-A6FD-0C8EDAB96BA7}.Release|x64.Build.0 = Release|Any CPU
		{EFC5C7E2-A754-41A1-A6FD-0C8EDAB96BA7}.Release|x86.ActiveCfg = Release|Any CPU
		{EFC5C7E2-A754-41A1-A6FD-0C8EDAB96BA7}.Release|x86.Build.0 = Release|Any CPU
		{A14C3154-6918-489B-8B42-FA8A8BF8CD6E}.Debug|Any CPU.ActiveCfg = Debug|Any CPU
		{A14C3154-6918-489B-8B42-FA8A8BF8CD6E}.Debug|Any CPU.Build.0 = Debug|Any CPU
		{A14C3154-6918-489B-8B42-FA8A8BF8CD6E}.Debug|ARM.ActiveCfg = Debug|Any CPU
		{A14C3154-6918-489B-8B42-FA8A8BF8CD6E}.Debug|ARM.Build.0 = Debug|Any CPU
		{A14C3154-6918-489B-8B42-FA8A8BF8CD6E}.Debug|iPhone.ActiveCfg = Debug|Any CPU
		{A14C3154-6918-489B-8B42-FA8A8BF8CD6E}.Debug|iPhone.Build.0 = Debug|Any CPU
		{A14C3154-6918-489B-8B42-FA8A8BF8CD6E}.Debug|iPhoneSimulator.ActiveCfg = Debug|Any CPU
		{A14C3154-6918-489B-8B42-FA8A8BF8CD6E}.Debug|iPhoneSimulator.Build.0 = Debug|Any CPU
		{A14C3154-6918-489B-8B42-FA8A8BF8CD6E}.Debug|x64.ActiveCfg = Debug|Any CPU
		{A14C3154-6918-489B-8B42-FA8A8BF8CD6E}.Debug|x64.Build.0 = Debug|Any CPU
		{A14C3154-6918-489B-8B42-FA8A8BF8CD6E}.Debug|x86.ActiveCfg = Debug|Any CPU
		{A14C3154-6918-489B-8B42-FA8A8BF8CD6E}.Debug|x86.Build.0 = Debug|Any CPU
		{A14C3154-6918-489B-8B42-FA8A8BF8CD6E}.Release|Any CPU.ActiveCfg = Release|Any CPU
		{A14C3154-6918-489B-8B42-FA8A8BF8CD6E}.Release|Any CPU.Build.0 = Release|Any CPU
		{A14C3154-6918-489B-8B42-FA8A8BF8CD6E}.Release|ARM.ActiveCfg = Release|Any CPU
		{A14C3154-6918-489B-8B42-FA8A8BF8CD6E}.Release|ARM.Build.0 = Release|Any CPU
		{A14C3154-6918-489B-8B42-FA8A8BF8CD6E}.Release|iPhone.ActiveCfg = Release|Any CPU
		{A14C3154-6918-489B-8B42-FA8A8BF8CD6E}.Release|iPhone.Build.0 = Release|Any CPU
		{A14C3154-6918-489B-8B42-FA8A8BF8CD6E}.Release|iPhoneSimulator.ActiveCfg = Release|Any CPU
		{A14C3154-6918-489B-8B42-FA8A8BF8CD6E}.Release|iPhoneSimulator.Build.0 = Release|Any CPU
		{A14C3154-6918-489B-8B42-FA8A8BF8CD6E}.Release|x64.ActiveCfg = Release|Any CPU
		{A14C3154-6918-489B-8B42-FA8A8BF8CD6E}.Release|x64.Build.0 = Release|Any CPU
		{A14C3154-6918-489B-8B42-FA8A8BF8CD6E}.Release|x86.ActiveCfg = Release|Any CPU
		{A14C3154-6918-489B-8B42-FA8A8BF8CD6E}.Release|x86.Build.0 = Release|Any CPU
		{DD65B11C-80EB-483B-92DE-4F005813BA2D}.Debug|Any CPU.ActiveCfg = Debug|Any CPU
		{DD65B11C-80EB-483B-92DE-4F005813BA2D}.Debug|Any CPU.Build.0 = Debug|Any CPU
		{DD65B11C-80EB-483B-92DE-4F005813BA2D}.Debug|ARM.ActiveCfg = Debug|Any CPU
		{DD65B11C-80EB-483B-92DE-4F005813BA2D}.Debug|ARM.Build.0 = Debug|Any CPU
		{DD65B11C-80EB-483B-92DE-4F005813BA2D}.Debug|iPhone.ActiveCfg = Debug|Any CPU
		{DD65B11C-80EB-483B-92DE-4F005813BA2D}.Debug|iPhone.Build.0 = Debug|Any CPU
		{DD65B11C-80EB-483B-92DE-4F005813BA2D}.Debug|iPhoneSimulator.ActiveCfg = Debug|Any CPU
		{DD65B11C-80EB-483B-92DE-4F005813BA2D}.Debug|iPhoneSimulator.Build.0 = Debug|Any CPU
		{DD65B11C-80EB-483B-92DE-4F005813BA2D}.Debug|x64.ActiveCfg = Debug|Any CPU
		{DD65B11C-80EB-483B-92DE-4F005813BA2D}.Debug|x64.Build.0 = Debug|Any CPU
		{DD65B11C-80EB-483B-92DE-4F005813BA2D}.Debug|x86.ActiveCfg = Debug|Any CPU
		{DD65B11C-80EB-483B-92DE-4F005813BA2D}.Debug|x86.Build.0 = Debug|Any CPU
		{DD65B11C-80EB-483B-92DE-4F005813BA2D}.Release|Any CPU.ActiveCfg = Release|Any CPU
		{DD65B11C-80EB-483B-92DE-4F005813BA2D}.Release|Any CPU.Build.0 = Release|Any CPU
		{DD65B11C-80EB-483B-92DE-4F005813BA2D}.Release|ARM.ActiveCfg = Release|Any CPU
		{DD65B11C-80EB-483B-92DE-4F005813BA2D}.Release|ARM.Build.0 = Release|Any CPU
		{DD65B11C-80EB-483B-92DE-4F005813BA2D}.Release|iPhone.ActiveCfg = Release|Any CPU
		{DD65B11C-80EB-483B-92DE-4F005813BA2D}.Release|iPhone.Build.0 = Release|Any CPU
		{DD65B11C-80EB-483B-92DE-4F005813BA2D}.Release|iPhoneSimulator.ActiveCfg = Release|Any CPU
		{DD65B11C-80EB-483B-92DE-4F005813BA2D}.Release|iPhoneSimulator.Build.0 = Release|Any CPU
		{DD65B11C-80EB-483B-92DE-4F005813BA2D}.Release|x64.ActiveCfg = Release|Any CPU
		{DD65B11C-80EB-483B-92DE-4F005813BA2D}.Release|x64.Build.0 = Release|Any CPU
		{DD65B11C-80EB-483B-92DE-4F005813BA2D}.Release|x86.ActiveCfg = Release|Any CPU
		{DD65B11C-80EB-483B-92DE-4F005813BA2D}.Release|x86.Build.0 = Release|Any CPU
		{35ECC0E3-B4AE-445A-AE66-B9A66206DA79}.Debug|Any CPU.ActiveCfg = Debug|Any CPU
		{35ECC0E3-B4AE-445A-AE66-B9A66206DA79}.Debug|Any CPU.Build.0 = Debug|Any CPU
		{35ECC0E3-B4AE-445A-AE66-B9A66206DA79}.Debug|ARM.ActiveCfg = Debug|Any CPU
		{35ECC0E3-B4AE-445A-AE66-B9A66206DA79}.Debug|ARM.Build.0 = Debug|Any CPU
		{35ECC0E3-B4AE-445A-AE66-B9A66206DA79}.Debug|iPhone.ActiveCfg = Debug|Any CPU
		{35ECC0E3-B4AE-445A-AE66-B9A66206DA79}.Debug|iPhone.Build.0 = Debug|Any CPU
		{35ECC0E3-B4AE-445A-AE66-B9A66206DA79}.Debug|iPhoneSimulator.ActiveCfg = Debug|Any CPU
		{35ECC0E3-B4AE-445A-AE66-B9A66206DA79}.Debug|iPhoneSimulator.Build.0 = Debug|Any CPU
		{35ECC0E3-B4AE-445A-AE66-B9A66206DA79}.Debug|x64.ActiveCfg = Debug|Any CPU
		{35ECC0E3-B4AE-445A-AE66-B9A66206DA79}.Debug|x64.Build.0 = Debug|Any CPU
		{35ECC0E3-B4AE-445A-AE66-B9A66206DA79}.Debug|x86.ActiveCfg = Debug|Any CPU
		{35ECC0E3-B4AE-445A-AE66-B9A66206DA79}.Debug|x86.Build.0 = Debug|Any CPU
		{35ECC0E3-B4AE-445A-AE66-B9A66206DA79}.Release|Any CPU.ActiveCfg = Release|Any CPU
		{35ECC0E3-B4AE-445A-AE66-B9A66206DA79}.Release|Any CPU.Build.0 = Release|Any CPU
		{35ECC0E3-B4AE-445A-AE66-B9A66206DA79}.Release|ARM.ActiveCfg = Release|Any CPU
		{35ECC0E3-B4AE-445A-AE66-B9A66206DA79}.Release|ARM.Build.0 = Release|Any CPU
		{35ECC0E3-B4AE-445A-AE66-B9A66206DA79}.Release|iPhone.ActiveCfg = Release|Any CPU
		{35ECC0E3-B4AE-445A-AE66-B9A66206DA79}.Release|iPhone.Build.0 = Release|Any CPU
		{35ECC0E3-B4AE-445A-AE66-B9A66206DA79}.Release|iPhoneSimulator.ActiveCfg = Release|Any CPU
		{35ECC0E3-B4AE-445A-AE66-B9A66206DA79}.Release|iPhoneSimulator.Build.0 = Release|Any CPU
		{35ECC0E3-B4AE-445A-AE66-B9A66206DA79}.Release|x64.ActiveCfg = Release|Any CPU
		{35ECC0E3-B4AE-445A-AE66-B9A66206DA79}.Release|x64.Build.0 = Release|Any CPU
		{35ECC0E3-B4AE-445A-AE66-B9A66206DA79}.Release|x86.ActiveCfg = Release|Any CPU
		{35ECC0E3-B4AE-445A-AE66-B9A66206DA79}.Release|x86.Build.0 = Release|Any CPU
		{9EE83382-0A02-4902-ABBC-6EE6E412F2F4}.Debug|Any CPU.ActiveCfg = Debug|x86
		{9EE83382-0A02-4902-ABBC-6EE6E412F2F4}.Debug|ARM.ActiveCfg = Debug|ARM
		{9EE83382-0A02-4902-ABBC-6EE6E412F2F4}.Debug|ARM.Build.0 = Debug|ARM
		{9EE83382-0A02-4902-ABBC-6EE6E412F2F4}.Debug|ARM.Deploy.0 = Debug|ARM
		{9EE83382-0A02-4902-ABBC-6EE6E412F2F4}.Debug|iPhone.ActiveCfg = Debug|x86
		{9EE83382-0A02-4902-ABBC-6EE6E412F2F4}.Debug|iPhoneSimulator.ActiveCfg = Debug|x86
		{9EE83382-0A02-4902-ABBC-6EE6E412F2F4}.Debug|x64.ActiveCfg = Debug|x64
		{9EE83382-0A02-4902-ABBC-6EE6E412F2F4}.Debug|x64.Build.0 = Debug|x64
		{9EE83382-0A02-4902-ABBC-6EE6E412F2F4}.Debug|x64.Deploy.0 = Debug|x64
		{9EE83382-0A02-4902-ABBC-6EE6E412F2F4}.Debug|x86.ActiveCfg = Debug|x86
		{9EE83382-0A02-4902-ABBC-6EE6E412F2F4}.Debug|x86.Build.0 = Debug|x86
		{9EE83382-0A02-4902-ABBC-6EE6E412F2F4}.Debug|x86.Deploy.0 = Debug|x86
		{9EE83382-0A02-4902-ABBC-6EE6E412F2F4}.Release|Any CPU.ActiveCfg = Release|x86
		{9EE83382-0A02-4902-ABBC-6EE6E412F2F4}.Release|ARM.ActiveCfg = Release|ARM
		{9EE83382-0A02-4902-ABBC-6EE6E412F2F4}.Release|ARM.Build.0 = Release|ARM
		{9EE83382-0A02-4902-ABBC-6EE6E412F2F4}.Release|ARM.Deploy.0 = Release|ARM
		{9EE83382-0A02-4902-ABBC-6EE6E412F2F4}.Release|iPhone.ActiveCfg = Release|x86
		{9EE83382-0A02-4902-ABBC-6EE6E412F2F4}.Release|iPhoneSimulator.ActiveCfg = Release|x86
		{9EE83382-0A02-4902-ABBC-6EE6E412F2F4}.Release|x64.ActiveCfg = Release|x64
		{9EE83382-0A02-4902-ABBC-6EE6E412F2F4}.Release|x64.Build.0 = Release|x64
		{9EE83382-0A02-4902-ABBC-6EE6E412F2F4}.Release|x64.Deploy.0 = Release|x64
		{9EE83382-0A02-4902-ABBC-6EE6E412F2F4}.Release|x86.ActiveCfg = Release|x86
		{9EE83382-0A02-4902-ABBC-6EE6E412F2F4}.Release|x86.Build.0 = Release|x86
		{9EE83382-0A02-4902-ABBC-6EE6E412F2F4}.Release|x86.Deploy.0 = Release|x86
		{5481D836-F60E-4717-A0C1-8C5572AA9702}.Debug|Any CPU.ActiveCfg = Debug|Any CPU
		{5481D836-F60E-4717-A0C1-8C5572AA9702}.Debug|Any CPU.Build.0 = Debug|Any CPU
		{5481D836-F60E-4717-A0C1-8C5572AA9702}.Debug|Any CPU.Deploy.0 = Debug|Any CPU
		{5481D836-F60E-4717-A0C1-8C5572AA9702}.Debug|ARM.ActiveCfg = Debug|Any CPU
		{5481D836-F60E-4717-A0C1-8C5572AA9702}.Debug|ARM.Build.0 = Debug|Any CPU
		{5481D836-F60E-4717-A0C1-8C5572AA9702}.Debug|ARM.Deploy.0 = Debug|Any CPU
		{5481D836-F60E-4717-A0C1-8C5572AA9702}.Debug|iPhone.ActiveCfg = Debug|Any CPU
		{5481D836-F60E-4717-A0C1-8C5572AA9702}.Debug|iPhone.Build.0 = Debug|Any CPU
		{5481D836-F60E-4717-A0C1-8C5572AA9702}.Debug|iPhone.Deploy.0 = Debug|Any CPU
		{5481D836-F60E-4717-A0C1-8C5572AA9702}.Debug|iPhoneSimulator.ActiveCfg = Debug|Any CPU
		{5481D836-F60E-4717-A0C1-8C5572AA9702}.Debug|iPhoneSimulator.Build.0 = Debug|Any CPU
		{5481D836-F60E-4717-A0C1-8C5572AA9702}.Debug|iPhoneSimulator.Deploy.0 = Debug|Any CPU
		{5481D836-F60E-4717-A0C1-8C5572AA9702}.Debug|x64.ActiveCfg = Debug|Any CPU
		{5481D836-F60E-4717-A0C1-8C5572AA9702}.Debug|x64.Build.0 = Debug|Any CPU
		{5481D836-F60E-4717-A0C1-8C5572AA9702}.Debug|x64.Deploy.0 = Debug|Any CPU
		{5481D836-F60E-4717-A0C1-8C5572AA9702}.Debug|x86.ActiveCfg = Debug|Any CPU
		{5481D836-F60E-4717-A0C1-8C5572AA9702}.Debug|x86.Build.0 = Debug|Any CPU
		{5481D836-F60E-4717-A0C1-8C5572AA9702}.Debug|x86.Deploy.0 = Debug|Any CPU
		{5481D836-F60E-4717-A0C1-8C5572AA9702}.Release|Any CPU.ActiveCfg = Release|Any CPU
		{5481D836-F60E-4717-A0C1-8C5572AA9702}.Release|Any CPU.Build.0 = Release|Any CPU
		{5481D836-F60E-4717-A0C1-8C5572AA9702}.Release|Any CPU.Deploy.0 = Release|Any CPU
		{5481D836-F60E-4717-A0C1-8C5572AA9702}.Release|ARM.ActiveCfg = Release|Any CPU
		{5481D836-F60E-4717-A0C1-8C5572AA9702}.Release|ARM.Build.0 = Release|Any CPU
		{5481D836-F60E-4717-A0C1-8C5572AA9702}.Release|ARM.Deploy.0 = Release|Any CPU
		{5481D836-F60E-4717-A0C1-8C5572AA9702}.Release|iPhone.ActiveCfg = Release|Any CPU
		{5481D836-F60E-4717-A0C1-8C5572AA9702}.Release|iPhone.Build.0 = Release|Any CPU
		{5481D836-F60E-4717-A0C1-8C5572AA9702}.Release|iPhone.Deploy.0 = Release|Any CPU
		{5481D836-F60E-4717-A0C1-8C5572AA9702}.Release|iPhoneSimulator.ActiveCfg = Release|Any CPU
		{5481D836-F60E-4717-A0C1-8C5572AA9702}.Release|iPhoneSimulator.Build.0 = Release|Any CPU
		{5481D836-F60E-4717-A0C1-8C5572AA9702}.Release|iPhoneSimulator.Deploy.0 = Release|Any CPU
		{5481D836-F60E-4717-A0C1-8C5572AA9702}.Release|x64.ActiveCfg = Release|Any CPU
		{5481D836-F60E-4717-A0C1-8C5572AA9702}.Release|x64.Build.0 = Release|Any CPU
		{5481D836-F60E-4717-A0C1-8C5572AA9702}.Release|x64.Deploy.0 = Release|Any CPU
		{5481D836-F60E-4717-A0C1-8C5572AA9702}.Release|x86.ActiveCfg = Release|Any CPU
		{5481D836-F60E-4717-A0C1-8C5572AA9702}.Release|x86.Build.0 = Release|Any CPU
		{5481D836-F60E-4717-A0C1-8C5572AA9702}.Release|x86.Deploy.0 = Release|Any CPU
		{0A55DBB5-1FAD-4B24-BEB8-B607F2B4171A}.Debug|Any CPU.ActiveCfg = Debug|iPhone
		{0A55DBB5-1FAD-4B24-BEB8-B607F2B4171A}.Debug|ARM.ActiveCfg = Debug|iPhone
		{0A55DBB5-1FAD-4B24-BEB8-B607F2B4171A}.Debug|iPhone.ActiveCfg = Debug|iPhone
		{0A55DBB5-1FAD-4B24-BEB8-B607F2B4171A}.Debug|iPhone.Build.0 = Debug|iPhone
		{0A55DBB5-1FAD-4B24-BEB8-B607F2B4171A}.Debug|iPhoneSimulator.ActiveCfg = Debug|iPhoneSimulator
		{0A55DBB5-1FAD-4B24-BEB8-B607F2B4171A}.Debug|iPhoneSimulator.Build.0 = Debug|iPhoneSimulator
		{0A55DBB5-1FAD-4B24-BEB8-B607F2B4171A}.Debug|x64.ActiveCfg = Debug|iPhone
		{0A55DBB5-1FAD-4B24-BEB8-B607F2B4171A}.Debug|x86.ActiveCfg = Debug|iPhone
		{0A55DBB5-1FAD-4B24-BEB8-B607F2B4171A}.Release|Any CPU.ActiveCfg = Release|iPhone
		{0A55DBB5-1FAD-4B24-BEB8-B607F2B4171A}.Release|ARM.ActiveCfg = Release|iPhone
		{0A55DBB5-1FAD-4B24-BEB8-B607F2B4171A}.Release|iPhone.ActiveCfg = Release|iPhone
		{0A55DBB5-1FAD-4B24-BEB8-B607F2B4171A}.Release|iPhone.Build.0 = Release|iPhone
		{0A55DBB5-1FAD-4B24-BEB8-B607F2B4171A}.Release|iPhoneSimulator.ActiveCfg = Release|iPhoneSimulator
		{0A55DBB5-1FAD-4B24-BEB8-B607F2B4171A}.Release|iPhoneSimulator.Build.0 = Release|iPhoneSimulator
		{0A55DBB5-1FAD-4B24-BEB8-B607F2B4171A}.Release|x64.ActiveCfg = Release|iPhone
		{0A55DBB5-1FAD-4B24-BEB8-B607F2B4171A}.Release|x86.ActiveCfg = Release|iPhone
		{67B4CC11-5B73-4390-BF16-8E5D97436026}.Debug|Any CPU.ActiveCfg = Debug|Any CPU
		{67B4CC11-5B73-4390-BF16-8E5D97436026}.Debug|Any CPU.Build.0 = Debug|Any CPU
		{67B4CC11-5B73-4390-BF16-8E5D97436026}.Debug|ARM.ActiveCfg = Debug|Any CPU
		{67B4CC11-5B73-4390-BF16-8E5D97436026}.Debug|ARM.Build.0 = Debug|Any CPU
		{67B4CC11-5B73-4390-BF16-8E5D97436026}.Debug|iPhone.ActiveCfg = Debug|Any CPU
		{67B4CC11-5B73-4390-BF16-8E5D97436026}.Debug|iPhone.Build.0 = Debug|Any CPU
		{67B4CC11-5B73-4390-BF16-8E5D97436026}.Debug|iPhoneSimulator.ActiveCfg = Debug|Any CPU
		{67B4CC11-5B73-4390-BF16-8E5D97436026}.Debug|iPhoneSimulator.Build.0 = Debug|Any CPU
		{67B4CC11-5B73-4390-BF16-8E5D97436026}.Debug|x64.ActiveCfg = Debug|Any CPU
		{67B4CC11-5B73-4390-BF16-8E5D97436026}.Debug|x64.Build.0 = Debug|Any CPU
		{67B4CC11-5B73-4390-BF16-8E5D97436026}.Debug|x86.ActiveCfg = Debug|Any CPU
		{67B4CC11-5B73-4390-BF16-8E5D97436026}.Debug|x86.Build.0 = Debug|Any CPU
		{67B4CC11-5B73-4390-BF16-8E5D97436026}.Release|Any CPU.ActiveCfg = Release|Any CPU
		{67B4CC11-5B73-4390-BF16-8E5D97436026}.Release|Any CPU.Build.0 = Release|Any CPU
		{67B4CC11-5B73-4390-BF16-8E5D97436026}.Release|ARM.ActiveCfg = Release|Any CPU
		{67B4CC11-5B73-4390-BF16-8E5D97436026}.Release|ARM.Build.0 = Release|Any CPU
		{67B4CC11-5B73-4390-BF16-8E5D97436026}.Release|iPhone.ActiveCfg = Release|Any CPU
		{67B4CC11-5B73-4390-BF16-8E5D97436026}.Release|iPhone.Build.0 = Release|Any CPU
		{67B4CC11-5B73-4390-BF16-8E5D97436026}.Release|iPhoneSimulator.ActiveCfg = Release|Any CPU
		{67B4CC11-5B73-4390-BF16-8E5D97436026}.Release|iPhoneSimulator.Build.0 = Release|Any CPU
		{67B4CC11-5B73-4390-BF16-8E5D97436026}.Release|x64.ActiveCfg = Release|Any CPU
		{67B4CC11-5B73-4390-BF16-8E5D97436026}.Release|x64.Build.0 = Release|Any CPU
		{67B4CC11-5B73-4390-BF16-8E5D97436026}.Release|x86.ActiveCfg = Release|Any CPU
		{67B4CC11-5B73-4390-BF16-8E5D97436026}.Release|x86.Build.0 = Release|Any CPU
		{3509A08D-C37B-4902-A81D-E5CE83C5E259}.Debug|Any CPU.ActiveCfg = Debug|Any CPU
		{3509A08D-C37B-4902-A81D-E5CE83C5E259}.Debug|Any CPU.Build.0 = Debug|Any CPU
		{3509A08D-C37B-4902-A81D-E5CE83C5E259}.Debug|ARM.ActiveCfg = Debug|Any CPU
		{3509A08D-C37B-4902-A81D-E5CE83C5E259}.Debug|ARM.Build.0 = Debug|Any CPU
		{3509A08D-C37B-4902-A81D-E5CE83C5E259}.Debug|iPhone.ActiveCfg = Debug|Any CPU
		{3509A08D-C37B-4902-A81D-E5CE83C5E259}.Debug|iPhone.Build.0 = Debug|Any CPU
		{3509A08D-C37B-4902-A81D-E5CE83C5E259}.Debug|iPhoneSimulator.ActiveCfg = Debug|Any CPU
		{3509A08D-C37B-4902-A81D-E5CE83C5E259}.Debug|iPhoneSimulator.Build.0 = Debug|Any CPU
		{3509A08D-C37B-4902-A81D-E5CE83C5E259}.Debug|x64.ActiveCfg = Debug|Any CPU
		{3509A08D-C37B-4902-A81D-E5CE83C5E259}.Debug|x64.Build.0 = Debug|Any CPU
		{3509A08D-C37B-4902-A81D-E5CE83C5E259}.Debug|x86.ActiveCfg = Debug|Any CPU
		{3509A08D-C37B-4902-A81D-E5CE83C5E259}.Debug|x86.Build.0 = Debug|Any CPU
		{3509A08D-C37B-4902-A81D-E5CE83C5E259}.Release|Any CPU.ActiveCfg = Release|Any CPU
		{3509A08D-C37B-4902-A81D-E5CE83C5E259}.Release|Any CPU.Build.0 = Release|Any CPU
		{3509A08D-C37B-4902-A81D-E5CE83C5E259}.Release|ARM.ActiveCfg = Release|Any CPU
		{3509A08D-C37B-4902-A81D-E5CE83C5E259}.Release|ARM.Build.0 = Release|Any CPU
		{3509A08D-C37B-4902-A81D-E5CE83C5E259}.Release|iPhone.ActiveCfg = Release|Any CPU
		{3509A08D-C37B-4902-A81D-E5CE83C5E259}.Release|iPhone.Build.0 = Release|Any CPU
		{3509A08D-C37B-4902-A81D-E5CE83C5E259}.Release|iPhoneSimulator.ActiveCfg = Release|Any CPU
		{3509A08D-C37B-4902-A81D-E5CE83C5E259}.Release|iPhoneSimulator.Build.0 = Release|Any CPU
		{3509A08D-C37B-4902-A81D-E5CE83C5E259}.Release|x64.ActiveCfg = Release|Any CPU
		{3509A08D-C37B-4902-A81D-E5CE83C5E259}.Release|x64.Build.0 = Release|Any CPU
		{3509A08D-C37B-4902-A81D-E5CE83C5E259}.Release|x86.ActiveCfg = Release|Any CPU
		{3509A08D-C37B-4902-A81D-E5CE83C5E259}.Release|x86.Build.0 = Release|Any CPU
		{DD92FEC2-7C32-494C-BB6B-8FB944E0A06D}.Debug|Any CPU.ActiveCfg = Debug|Any CPU
		{DD92FEC2-7C32-494C-BB6B-8FB944E0A06D}.Debug|Any CPU.Build.0 = Debug|Any CPU
		{DD92FEC2-7C32-494C-BB6B-8FB944E0A06D}.Debug|ARM.ActiveCfg = Debug|Any CPU
		{DD92FEC2-7C32-494C-BB6B-8FB944E0A06D}.Debug|ARM.Build.0 = Debug|Any CPU
		{DD92FEC2-7C32-494C-BB6B-8FB944E0A06D}.Debug|iPhone.ActiveCfg = Debug|Any CPU
		{DD92FEC2-7C32-494C-BB6B-8FB944E0A06D}.Debug|iPhone.Build.0 = Debug|Any CPU
		{DD92FEC2-7C32-494C-BB6B-8FB944E0A06D}.Debug|iPhoneSimulator.ActiveCfg = Debug|Any CPU
		{DD92FEC2-7C32-494C-BB6B-8FB944E0A06D}.Debug|iPhoneSimulator.Build.0 = Debug|Any CPU
		{DD92FEC2-7C32-494C-BB6B-8FB944E0A06D}.Debug|x64.ActiveCfg = Debug|Any CPU
		{DD92FEC2-7C32-494C-BB6B-8FB944E0A06D}.Debug|x64.Build.0 = Debug|Any CPU
		{DD92FEC2-7C32-494C-BB6B-8FB944E0A06D}.Debug|x86.ActiveCfg = Debug|Any CPU
		{DD92FEC2-7C32-494C-BB6B-8FB944E0A06D}.Debug|x86.Build.0 = Debug|Any CPU
		{DD92FEC2-7C32-494C-BB6B-8FB944E0A06D}.Release|Any CPU.ActiveCfg = Release|Any CPU
		{DD92FEC2-7C32-494C-BB6B-8FB944E0A06D}.Release|Any CPU.Build.0 = Release|Any CPU
		{DD92FEC2-7C32-494C-BB6B-8FB944E0A06D}.Release|ARM.ActiveCfg = Release|Any CPU
		{DD92FEC2-7C32-494C-BB6B-8FB944E0A06D}.Release|ARM.Build.0 = Release|Any CPU
		{DD92FEC2-7C32-494C-BB6B-8FB944E0A06D}.Release|iPhone.ActiveCfg = Release|Any CPU
		{DD92FEC2-7C32-494C-BB6B-8FB944E0A06D}.Release|iPhone.Build.0 = Release|Any CPU
		{DD92FEC2-7C32-494C-BB6B-8FB944E0A06D}.Release|iPhoneSimulator.ActiveCfg = Release|Any CPU
		{DD92FEC2-7C32-494C-BB6B-8FB944E0A06D}.Release|iPhoneSimulator.Build.0 = Release|Any CPU
		{DD92FEC2-7C32-494C-BB6B-8FB944E0A06D}.Release|x64.ActiveCfg = Release|Any CPU
		{DD92FEC2-7C32-494C-BB6B-8FB944E0A06D}.Release|x64.Build.0 = Release|Any CPU
		{DD92FEC2-7C32-494C-BB6B-8FB944E0A06D}.Release|x86.ActiveCfg = Release|Any CPU
		{DD92FEC2-7C32-494C-BB6B-8FB944E0A06D}.Release|x86.Build.0 = Release|Any CPU
	EndGlobalSection
	GlobalSection(SolutionProperties) = preSolution
		HideSolutionNode = FALSE
	EndGlobalSection
	GlobalSection(NestedProjects) = preSolution
		{98821CC0-D0FE-4A36-A884-9B0769B775CF} = {4CA9FFCB-F1E8-4F14-BA58-E418BBA58A72}
		{1DB222F3-9D6E-42A7-AC32-10C34E28664D} = {4CA9FFCB-F1E8-4F14-BA58-E418BBA58A72}
		{CD51290E-B012-4502-A8FD-F29846BD8676} = {C13D4610-42E8-46E0-9455-7CA1254B0B4A}
		{C4DE3797-8D94-42DE-9450-2CBE424B0ABA} = {8CDE87AB-903B-4415-9AA2-507D0F7EE82B}
		{BD1D9865-E6B3-4FE4-86F6-E08914905030} = {C13D4610-42E8-46E0-9455-7CA1254B0B4A}
		{EFC5C7E2-A754-41A1-A6FD-0C8EDAB96BA7} = {DF379BD6-9BC9-429F-A5F7-278274C6038E}
		{A14C3154-6918-489B-8B42-FA8A8BF8CD6E} = {4CA9FFCB-F1E8-4F14-BA58-E418BBA58A72}
		{DD65B11C-80EB-483B-92DE-4F005813BA2D} = {DF379BD6-9BC9-429F-A5F7-278274C6038E}
		{35ECC0E3-B4AE-445A-AE66-B9A66206DA79} = {4CA9FFCB-F1E8-4F14-BA58-E418BBA58A72}
		{9EE83382-0A02-4902-ABBC-6EE6E412F2F4} = {8CDE87AB-903B-4415-9AA2-507D0F7EE82B}
		{5481D836-F60E-4717-A0C1-8C5572AA9702} = {8CDE87AB-903B-4415-9AA2-507D0F7EE82B}
		{0A55DBB5-1FAD-4B24-BEB8-B607F2B4171A} = {8CDE87AB-903B-4415-9AA2-507D0F7EE82B}
		{67B4CC11-5B73-4390-BF16-8E5D97436026} = {C13D4610-42E8-46E0-9455-7CA1254B0B4A}
		{3509A08D-C37B-4902-A81D-E5CE83C5E259} = {C13D4610-42E8-46E0-9455-7CA1254B0B4A}
		{618D580F-DCE1-4F8F-9DFE-91156E1A7A6E} = {1C321C38-8309-4768-8774-B68C7695B33D}
		{C240C5D7-BDE8-4AB5-85AD-73FE46C42A05} = {1C321C38-8309-4768-8774-B68C7695B33D}
		{DD92FEC2-7C32-494C-BB6B-8FB944E0A06D} = {DF379BD6-9BC9-429F-A5F7-278274C6038E}
	EndGlobalSection
	GlobalSection(ExtensibilityGlobals) = postSolution
		SolutionGuid = {0283DF95-9A95-40ED-BF12-5A4EE2169B92}
	EndGlobalSection
EndGlobal
