
Microsoft Visual Studio Solution File, Format Version 12.00
# Visual Studio Version 16
VisualStudioVersion = 16.0.29430.225
MinimumVisualStudioVersion = 10.0.40219.1
Project("{2150E333-8FDC-42A3-9474-1A3956D46DE8}") = "Domain", "Domain", "{4CA9FFCB-F1E8-4F14-BA58-E418BBA58A72}"
EndProject
Project("{2150E333-8FDC-42A3-9474-1A3956D46DE8}") = "Infrastructure", "Infrastructure", "{C13D4610-42E8-46E0-9455-7CA1254B0B4A}"
EndProject
Project("{2150E333-8FDC-42A3-9474-1A3956D46DE8}") = "Presentation", "Presentation", "{8CDE87AB-903B-4415-9AA2-507D0F7EE82B}"
EndProject
Project("{2150E333-8FDC-42A3-9474-1A3956D46DE8}") = "Services", "Services", "{81C61B69-6770-4F4C-82FF-1721FEF7BF26}"
EndProject
Project("{2150E333-8FDC-42A3-9474-1A3956D46DE8}") = "Tests", "Tests", "{DF379BD6-9BC9-429F-A5F7-278274C6038E}"
EndProject
Project("{9A19103F-16F7-4668-BE54-9A1E7A4F7556}") = "Domain.Model", "Domain.Model\Domain.Model.csproj", "{73B3F63E-F9D3-479E-A5BD-EF8F759D0C33}"
EndProject
Project("{9A19103F-16F7-4668-BE54-9A1E7A4F7556}") = "Domain.Model.Tests", "Domain.Model.Tests\Domain.Model.Tests.csproj", "{469DBB4C-495F-4713-BA66-BDA8C1923EA9}"
EndProject
Project("{9A19103F-16F7-4668-BE54-9A1E7A4F7556}") = "Infrastructure.Core", "Infrastructure.Core\Infrastructure.Core.csproj", "{93832B87-96D8-43A5-AEE3-C4F9DA1D9086}"
EndProject
Project("{9A19103F-16F7-4668-BE54-9A1E7A4F7556}") = "Domain.Core", "Domain.Core\Domain.Core.csproj", "{0783706D-FE8F-4130-9A10-84010D392824}"
EndProject
Project("{9A19103F-16F7-4668-BE54-9A1E7A4F7556}") = "Domain.Core.Tests", "Domain.Core.Tests\Domain.Core.Tests.csproj", "{2E400F0B-3F9E-4A2F-90DA-66ADB1C664BF}"
EndProject
Project("{9A19103F-16F7-4668-BE54-9A1E7A4F7556}") = "Domain.Interfaces", "Domain.Interfaces\Domain.Interfaces.csproj", "{8509FD1D-357F-4805-937F-A7829158C6F8}"
EndProject
Project("{9A19103F-16F7-4668-BE54-9A1E7A4F7556}") = "Infrastructure.Dal", "Infrastructure.Dal\Infrastructure.Dal.csproj", "{ACD92DC3-866E-4E42-B9BE-3447364F91EE}"
EndProject
Project("{9A19103F-16F7-4668-BE54-9A1E7A4F7556}") = "Web.Server", "Web\Server\Web.Server.csproj", "{4236A9AE-747B-4E56-AA10-53B4F8328E82}"
EndProject
Project("{9A19103F-16F7-4668-BE54-9A1E7A4F7556}") = "Web.Client", "Web\Client\Web.Client.csproj", "{A5AB6415-644D-4BE6-95B8-14B158883422}"
EndProject
Project("{9A19103F-16F7-4668-BE54-9A1E7A4F7556}") = "Web.Shared", "Web.Shared\Web.Shared.csproj", "{4A97E41C-2050-4170-B192-F2D13FE201E7}"
EndProject
Global
	GlobalSection(SolutionConfigurationPlatforms) = preSolution
		Debug|Any CPU = Debug|Any CPU
		Debug|ARM = Debug|ARM
		Debug|iPhone = Debug|iPhone
		Debug|iPhoneSimulator = Debug|iPhoneSimulator
		Debug|x64 = Debug|x64
		Debug|x86 = Debug|x86
		Release|Any CPU = Release|Any CPU
		Release|ARM = Release|ARM
		Release|iPhone = Release|iPhone
		Release|iPhoneSimulator = Release|iPhoneSimulator
		Release|x64 = Release|x64
		Release|x86 = Release|x86
	EndGlobalSection
	GlobalSection(ProjectConfigurationPlatforms) = postSolution
		{73B3F63E-F9D3-479E-A5BD-EF8F759D0C33}.Debug|Any CPU.ActiveCfg = Debug|Any CPU
		{73B3F63E-F9D3-479E-A5BD-EF8F759D0C33}.Debug|Any CPU.Build.0 = Debug|Any CPU
		{73B3F63E-F9D3-479E-A5BD-EF8F759D0C33}.Debug|ARM.ActiveCfg = Debug|Any CPU
		{73B3F63E-F9D3-479E-A5BD-EF8F759D0C33}.Debug|ARM.Build.0 = Debug|Any CPU
		{73B3F63E-F9D3-479E-A5BD-EF8F759D0C33}.Debug|iPhone.ActiveCfg = Debug|Any CPU
		{73B3F63E-F9D3-479E-A5BD-EF8F759D0C33}.Debug|iPhone.Build.0 = Debug|Any CPU
		{73B3F63E-F9D3-479E-A5BD-EF8F759D0C33}.Debug|iPhoneSimulator.ActiveCfg = Debug|Any CPU
		{73B3F63E-F9D3-479E-A5BD-EF8F759D0C33}.Debug|iPhoneSimulator.Build.0 = Debug|Any CPU
		{73B3F63E-F9D3-479E-A5BD-EF8F759D0C33}.Debug|x64.ActiveCfg = Debug|Any CPU
		{73B3F63E-F9D3-479E-A5BD-EF8F759D0C33}.Debug|x64.Build.0 = Debug|Any CPU
		{73B3F63E-F9D3-479E-A5BD-EF8F759D0C33}.Debug|x86.ActiveCfg = Debug|Any CPU
		{73B3F63E-F9D3-479E-A5BD-EF8F759D0C33}.Debug|x86.Build.0 = Debug|Any CPU
		{73B3F63E-F9D3-479E-A5BD-EF8F759D0C33}.Release|Any CPU.ActiveCfg = Release|Any CPU
		{73B3F63E-F9D3-479E-A5BD-EF8F759D0C33}.Release|Any CPU.Build.0 = Release|Any CPU
		{73B3F63E-F9D3-479E-A5BD-EF8F759D0C33}.Release|ARM.ActiveCfg = Release|Any CPU
		{73B3F63E-F9D3-479E-A5BD-EF8F759D0C33}.Release|ARM.Build.0 = Release|Any CPU
		{73B3F63E-F9D3-479E-A5BD-EF8F759D0C33}.Release|iPhone.ActiveCfg = Release|Any CPU
		{73B3F63E-F9D3-479E-A5BD-EF8F759D0C33}.Release|iPhone.Build.0 = Release|Any CPU
		{73B3F63E-F9D3-479E-A5BD-EF8F759D0C33}.Release|iPhoneSimulator.ActiveCfg = Release|Any CPU
		{73B3F63E-F9D3-479E-A5BD-EF8F759D0C33}.Release|iPhoneSimulator.Build.0 = Release|Any CPU
		{73B3F63E-F9D3-479E-A5BD-EF8F759D0C33}.Release|x64.ActiveCfg = Release|Any CPU
		{73B3F63E-F9D3-479E-A5BD-EF8F759D0C33}.Release|x64.Build.0 = Release|Any CPU
		{73B3F63E-F9D3-479E-A5BD-EF8F759D0C33}.Release|x86.ActiveCfg = Release|Any CPU
		{73B3F63E-F9D3-479E-A5BD-EF8F759D0C33}.Release|x86.Build.0 = Release|Any CPU
		{469DBB4C-495F-4713-BA66-BDA8C1923EA9}.Debug|Any CPU.ActiveCfg = Debug|Any CPU
		{469DBB4C-495F-4713-BA66-BDA8C1923EA9}.Debug|Any CPU.Build.0 = Debug|Any CPU
		{469DBB4C-495F-4713-BA66-BDA8C1923EA9}.Debug|ARM.ActiveCfg = Debug|Any CPU
		{469DBB4C-495F-4713-BA66-BDA8C1923EA9}.Debug|ARM.Build.0 = Debug|Any CPU
		{469DBB4C-495F-4713-BA66-BDA8C1923EA9}.Debug|iPhone.ActiveCfg = Debug|Any CPU
		{469DBB4C-495F-4713-BA66-BDA8C1923EA9}.Debug|iPhone.Build.0 = Debug|Any CPU
		{469DBB4C-495F-4713-BA66-BDA8C1923EA9}.Debug|iPhoneSimulator.ActiveCfg = Debug|Any CPU
		{469DBB4C-495F-4713-BA66-BDA8C1923EA9}.Debug|iPhoneSimulator.Build.0 = Debug|Any CPU
		{469DBB4C-495F-4713-BA66-BDA8C1923EA9}.Debug|x64.ActiveCfg = Debug|Any CPU
		{469DBB4C-495F-4713-BA66-BDA8C1923EA9}.Debug|x64.Build.0 = Debug|Any CPU
		{469DBB4C-495F-4713-BA66-BDA8C1923EA9}.Debug|x86.ActiveCfg = Debug|Any CPU
		{469DBB4C-495F-4713-BA66-BDA8C1923EA9}.Debug|x86.Build.0 = Debug|Any CPU
		{469DBB4C-495F-4713-BA66-BDA8C1923EA9}.Release|Any CPU.ActiveCfg = Release|Any CPU
		{469DBB4C-495F-4713-BA66-BDA8C1923EA9}.Release|Any CPU.Build.0 = Release|Any CPU
		{469DBB4C-495F-4713-BA66-BDA8C1923EA9}.Release|ARM.ActiveCfg = Release|Any CPU
		{469DBB4C-495F-4713-BA66-BDA8C1923EA9}.Release|ARM.Build.0 = Release|Any CPU
		{469DBB4C-495F-4713-BA66-BDA8C1923EA9}.Release|iPhone.ActiveCfg = Release|Any CPU
		{469DBB4C-495F-4713-BA66-BDA8C1923EA9}.Release|iPhone.Build.0 = Release|Any CPU
		{469DBB4C-495F-4713-BA66-BDA8C1923EA9}.Release|iPhoneSimulator.ActiveCfg = Release|Any CPU
		{469DBB4C-495F-4713-BA66-BDA8C1923EA9}.Release|iPhoneSimulator.Build.0 = Release|Any CPU
		{469DBB4C-495F-4713-BA66-BDA8C1923EA9}.Release|x64.ActiveCfg = Release|Any CPU
		{469DBB4C-495F-4713-BA66-BDA8C1923EA9}.Release|x64.Build.0 = Release|Any CPU
		{469DBB4C-495F-4713-BA66-BDA8C1923EA9}.Release|x86.ActiveCfg = Release|Any CPU
		{469DBB4C-495F-4713-BA66-BDA8C1923EA9}.Release|x86.Build.0 = Release|Any CPU
		{93832B87-96D8-43A5-AEE3-C4F9DA1D9086}.Debug|Any CPU.ActiveCfg = Debug|Any CPU
		{93832B87-96D8-43A5-AEE3-C4F9DA1D9086}.Debug|Any CPU.Build.0 = Debug|Any CPU
		{93832B87-96D8-43A5-AEE3-C4F9DA1D9086}.Debug|ARM.ActiveCfg = Debug|Any CPU
		{93832B87-96D8-43A5-AEE3-C4F9DA1D9086}.Debug|ARM.Build.0 = Debug|Any CPU
		{93832B87-96D8-43A5-AEE3-C4F9DA1D9086}.Debug|iPhone.ActiveCfg = Debug|Any CPU
		{93832B87-96D8-43A5-AEE3-C4F9DA1D9086}.Debug|iPhone.Build.0 = Debug|Any CPU
		{93832B87-96D8-43A5-AEE3-C4F9DA1D9086}.Debug|iPhoneSimulator.ActiveCfg = Debug|Any CPU
		{93832B87-96D8-43A5-AEE3-C4F9DA1D9086}.Debug|iPhoneSimulator.Build.0 = Debug|Any CPU
		{93832B87-96D8-43A5-AEE3-C4F9DA1D9086}.Debug|x64.ActiveCfg = Debug|Any CPU
		{93832B87-96D8-43A5-AEE3-C4F9DA1D9086}.Debug|x64.Build.0 = Debug|Any CPU
		{93832B87-96D8-43A5-AEE3-C4F9DA1D9086}.Debug|x86.ActiveCfg = Debug|Any CPU
		{93832B87-96D8-43A5-AEE3-C4F9DA1D9086}.Debug|x86.Build.0 = Debug|Any CPU
		{93832B87-96D8-43A5-AEE3-C4F9DA1D9086}.Release|Any CPU.ActiveCfg = Release|Any CPU
		{93832B87-96D8-43A5-AEE3-C4F9DA1D9086}.Release|Any CPU.Build.0 = Release|Any CPU
		{93832B87-96D8-43A5-AEE3-C4F9DA1D9086}.Release|ARM.ActiveCfg = Release|Any CPU
		{93832B87-96D8-43A5-AEE3-C4F9DA1D9086}.Release|ARM.Build.0 = Release|Any CPU
		{93832B87-96D8-43A5-AEE3-C4F9DA1D9086}.Release|iPhone.ActiveCfg = Release|Any CPU
		{93832B87-96D8-43A5-AEE3-C4F9DA1D9086}.Release|iPhone.Build.0 = Release|Any CPU
		{93832B87-96D8-43A5-AEE3-C4F9DA1D9086}.Release|iPhoneSimulator.ActiveCfg = Release|Any CPU
		{93832B87-96D8-43A5-AEE3-C4F9DA1D9086}.Release|iPhoneSimulator.Build.0 = Release|Any CPU
		{93832B87-96D8-43A5-AEE3-C4F9DA1D9086}.Release|x64.ActiveCfg = Release|Any CPU
		{93832B87-96D8-43A5-AEE3-C4F9DA1D9086}.Release|x64.Build.0 = Release|Any CPU
		{93832B87-96D8-43A5-AEE3-C4F9DA1D9086}.Release|x86.ActiveCfg = Release|Any CPU
		{93832B87-96D8-43A5-AEE3-C4F9DA1D9086}.Release|x86.Build.0 = Release|Any CPU
		{0783706D-FE8F-4130-9A10-84010D392824}.Debug|Any CPU.ActiveCfg = Debug|Any CPU
		{0783706D-FE8F-4130-9A10-84010D392824}.Debug|Any CPU.Build.0 = Debug|Any CPU
		{0783706D-FE8F-4130-9A10-84010D392824}.Debug|ARM.ActiveCfg = Debug|Any CPU
		{0783706D-FE8F-4130-9A10-84010D392824}.Debug|ARM.Build.0 = Debug|Any CPU
		{0783706D-FE8F-4130-9A10-84010D392824}.Debug|iPhone.ActiveCfg = Debug|Any CPU
		{0783706D-FE8F-4130-9A10-84010D392824}.Debug|iPhone.Build.0 = Debug|Any CPU
		{0783706D-FE8F-4130-9A10-84010D392824}.Debug|iPhoneSimulator.ActiveCfg = Debug|Any CPU
		{0783706D-FE8F-4130-9A10-84010D392824}.Debug|iPhoneSimulator.Build.0 = Debug|Any CPU
		{0783706D-FE8F-4130-9A10-84010D392824}.Debug|x64.ActiveCfg = Debug|Any CPU
		{0783706D-FE8F-4130-9A10-84010D392824}.Debug|x64.Build.0 = Debug|Any CPU
		{0783706D-FE8F-4130-9A10-84010D392824}.Debug|x86.ActiveCfg = Debug|Any CPU
		{0783706D-FE8F-4130-9A10-84010D392824}.Debug|x86.Build.0 = Debug|Any CPU
		{0783706D-FE8F-4130-9A10-84010D392824}.Release|Any CPU.ActiveCfg = Release|Any CPU
		{0783706D-FE8F-4130-9A10-84010D392824}.Release|Any CPU.Build.0 = Release|Any CPU
		{0783706D-FE8F-4130-9A10-84010D392824}.Release|ARM.ActiveCfg = Release|Any CPU
		{0783706D-FE8F-4130-9A10-84010D392824}.Release|ARM.Build.0 = Release|Any CPU
		{0783706D-FE8F-4130-9A10-84010D392824}.Release|iPhone.ActiveCfg = Release|Any CPU
		{0783706D-FE8F-4130-9A10-84010D392824}.Release|iPhone.Build.0 = Release|Any CPU
		{0783706D-FE8F-4130-9A10-84010D392824}.Release|iPhoneSimulator.ActiveCfg = Release|Any CPU
		{0783706D-FE8F-4130-9A10-84010D392824}.Release|iPhoneSimulator.Build.0 = Release|Any CPU
		{0783706D-FE8F-4130-9A10-84010D392824}.Release|x64.ActiveCfg = Release|Any CPU
		{0783706D-FE8F-4130-9A10-84010D392824}.Release|x64.Build.0 = Release|Any CPU
		{0783706D-FE8F-4130-9A10-84010D392824}.Release|x86.ActiveCfg = Release|Any CPU
		{0783706D-FE8F-4130-9A10-84010D392824}.Release|x86.Build.0 = Release|Any CPU
		{2E400F0B-3F9E-4A2F-90DA-66ADB1C664BF}.Debug|Any CPU.ActiveCfg = Debug|Any CPU
		{2E400F0B-3F9E-4A2F-90DA-66ADB1C664BF}.Debug|Any CPU.Build.0 = Debug|Any CPU
		{2E400F0B-3F9E-4A2F-90DA-66ADB1C664BF}.Debug|ARM.ActiveCfg = Debug|Any CPU
		{2E400F0B-3F9E-4A2F-90DA-66ADB1C664BF}.Debug|ARM.Build.0 = Debug|Any CPU
		{2E400F0B-3F9E-4A2F-90DA-66ADB1C664BF}.Debug|iPhone.ActiveCfg = Debug|Any CPU
		{2E400F0B-3F9E-4A2F-90DA-66ADB1C664BF}.Debug|iPhone.Build.0 = Debug|Any CPU
		{2E400F0B-3F9E-4A2F-90DA-66ADB1C664BF}.Debug|iPhoneSimulator.ActiveCfg = Debug|Any CPU
		{2E400F0B-3F9E-4A2F-90DA-66ADB1C664BF}.Debug|iPhoneSimulator.Build.0 = Debug|Any CPU
		{2E400F0B-3F9E-4A2F-90DA-66ADB1C664BF}.Debug|x64.ActiveCfg = Debug|Any CPU
		{2E400F0B-3F9E-4A2F-90DA-66ADB1C664BF}.Debug|x64.Build.0 = Debug|Any CPU
		{2E400F0B-3F9E-4A2F-90DA-66ADB1C664BF}.Debug|x86.ActiveCfg = Debug|Any CPU
		{2E400F0B-3F9E-4A2F-90DA-66ADB1C664BF}.Debug|x86.Build.0 = Debug|Any CPU
		{2E400F0B-3F9E-4A2F-90DA-66ADB1C664BF}.Release|Any CPU.ActiveCfg = Release|Any CPU
		{2E400F0B-3F9E-4A2F-90DA-66ADB1C664BF}.Release|Any CPU.Build.0 = Release|Any CPU
		{2E400F0B-3F9E-4A2F-90DA-66ADB1C664BF}.Release|ARM.ActiveCfg = Release|Any CPU
		{2E400F0B-3F9E-4A2F-90DA-66ADB1C664BF}.Release|ARM.Build.0 = Release|Any CPU
		{2E400F0B-3F9E-4A2F-90DA-66ADB1C664BF}.Release|iPhone.ActiveCfg = Release|Any CPU
		{2E400F0B-3F9E-4A2F-90DA-66ADB1C664BF}.Release|iPhone.Build.0 = Release|Any CPU
		{2E400F0B-3F9E-4A2F-90DA-66ADB1C664BF}.Release|iPhoneSimulator.ActiveCfg = Release|Any CPU
		{2E400F0B-3F9E-4A2F-90DA-66ADB1C664BF}.Release|iPhoneSimulator.Build.0 = Release|Any CPU
		{2E400F0B-3F9E-4A2F-90DA-66ADB1C664BF}.Release|x64.ActiveCfg = Release|Any CPU
		{2E400F0B-3F9E-4A2F-90DA-66ADB1C664BF}.Release|x64.Build.0 = Release|Any CPU
		{2E400F0B-3F9E-4A2F-90DA-66ADB1C664BF}.Release|x86.ActiveCfg = Release|Any CPU
		{2E400F0B-3F9E-4A2F-90DA-66ADB1C664BF}.Release|x86.Build.0 = Release|Any CPU
		{8509FD1D-357F-4805-937F-A7829158C6F8}.Debug|Any CPU.ActiveCfg = Debug|Any CPU
		{8509FD1D-357F-4805-937F-A7829158C6F8}.Debug|Any CPU.Build.0 = Debug|Any CPU
		{8509FD1D-357F-4805-937F-A7829158C6F8}.Debug|ARM.ActiveCfg = Debug|Any CPU
		{8509FD1D-357F-4805-937F-A7829158C6F8}.Debug|ARM.Build.0 = Debug|Any CPU
		{8509FD1D-357F-4805-937F-A7829158C6F8}.Debug|iPhone.ActiveCfg = Debug|Any CPU
		{8509FD1D-357F-4805-937F-A7829158C6F8}.Debug|iPhone.Build.0 = Debug|Any CPU
		{8509FD1D-357F-4805-937F-A7829158C6F8}.Debug|iPhoneSimulator.ActiveCfg = Debug|Any CPU
		{8509FD1D-357F-4805-937F-A7829158C6F8}.Debug|iPhoneSimulator.Build.0 = Debug|Any CPU
		{8509FD1D-357F-4805-937F-A7829158C6F8}.Debug|x64.ActiveCfg = Debug|Any CPU
		{8509FD1D-357F-4805-937F-A7829158C6F8}.Debug|x64.Build.0 = Debug|Any CPU
		{8509FD1D-357F-4805-937F-A7829158C6F8}.Debug|x86.ActiveCfg = Debug|Any CPU
		{8509FD1D-357F-4805-937F-A7829158C6F8}.Debug|x86.Build.0 = Debug|Any CPU
		{8509FD1D-357F-4805-937F-A7829158C6F8}.Release|Any CPU.ActiveCfg = Release|Any CPU
		{8509FD1D-357F-4805-937F-A7829158C6F8}.Release|Any CPU.Build.0 = Release|Any CPU
		{8509FD1D-357F-4805-937F-A7829158C6F8}.Release|ARM.ActiveCfg = Release|Any CPU
		{8509FD1D-357F-4805-937F-A7829158C6F8}.Release|ARM.Build.0 = Release|Any CPU
		{8509FD1D-357F-4805-937F-A7829158C6F8}.Release|iPhone.ActiveCfg = Release|Any CPU
		{8509FD1D-357F-4805-937F-A7829158C6F8}.Release|iPhone.Build.0 = Release|Any CPU
		{8509FD1D-357F-4805-937F-A7829158C6F8}.Release|iPhoneSimulator.ActiveCfg = Release|Any CPU
		{8509FD1D-357F-4805-937F-A7829158C6F8}.Release|iPhoneSimulator.Build.0 = Release|Any CPU
		{8509FD1D-357F-4805-937F-A7829158C6F8}.Release|x64.ActiveCfg = Release|Any CPU
		{8509FD1D-357F-4805-937F-A7829158C6F8}.Release|x64.Build.0 = Release|Any CPU
		{8509FD1D-357F-4805-937F-A7829158C6F8}.Release|x86.ActiveCfg = Release|Any CPU
		{8509FD1D-357F-4805-937F-A7829158C6F8}.Release|x86.Build.0 = Release|Any CPU
		{ACD92DC3-866E-4E42-B9BE-3447364F91EE}.Debug|Any CPU.ActiveCfg = Debug|Any CPU
		{ACD92DC3-866E-4E42-B9BE-3447364F91EE}.Debug|Any CPU.Build.0 = Debug|Any CPU
		{ACD92DC3-866E-4E42-B9BE-3447364F91EE}.Debug|ARM.ActiveCfg = Debug|Any CPU
		{ACD92DC3-866E-4E42-B9BE-3447364F91EE}.Debug|ARM.Build.0 = Debug|Any CPU
		{ACD92DC3-866E-4E42-B9BE-3447364F91EE}.Debug|iPhone.ActiveCfg = Debug|Any CPU
		{ACD92DC3-866E-4E42-B9BE-3447364F91EE}.Debug|iPhone.Build.0 = Debug|Any CPU
		{ACD92DC3-866E-4E42-B9BE-3447364F91EE}.Debug|iPhoneSimulator.ActiveCfg = Debug|Any CPU
		{ACD92DC3-866E-4E42-B9BE-3447364F91EE}.Debug|iPhoneSimulator.Build.0 = Debug|Any CPU
		{ACD92DC3-866E-4E42-B9BE-3447364F91EE}.Debug|x64.ActiveCfg = Debug|Any CPU
		{ACD92DC3-866E-4E42-B9BE-3447364F91EE}.Debug|x64.Build.0 = Debug|Any CPU
		{ACD92DC3-866E-4E42-B9BE-3447364F91EE}.Debug|x86.ActiveCfg = Debug|Any CPU
		{ACD92DC3-866E-4E42-B9BE-3447364F91EE}.Debug|x86.Build.0 = Debug|Any CPU
		{ACD92DC3-866E-4E42-B9BE-3447364F91EE}.Release|Any CPU.ActiveCfg = Release|Any CPU
		{ACD92DC3-866E-4E42-B9BE-3447364F91EE}.Release|Any CPU.Build.0 = Release|Any CPU
		{ACD92DC3-866E-4E42-B9BE-3447364F91EE}.Release|ARM.ActiveCfg = Release|Any CPU
		{ACD92DC3-866E-4E42-B9BE-3447364F91EE}.Release|ARM.Build.0 = Release|Any CPU
		{ACD92DC3-866E-4E42-B9BE-3447364F91EE}.Release|iPhone.ActiveCfg = Release|Any CPU
		{ACD92DC3-866E-4E42-B9BE-3447364F91EE}.Release|iPhone.Build.0 = Release|Any CPU
		{ACD92DC3-866E-4E42-B9BE-3447364F91EE}.Release|iPhoneSimulator.ActiveCfg = Release|Any CPU
		{ACD92DC3-866E-4E42-B9BE-3447364F91EE}.Release|iPhoneSimulator.Build.0 = Release|Any CPU
		{ACD92DC3-866E-4E42-B9BE-3447364F91EE}.Release|x64.ActiveCfg = Release|Any CPU
		{ACD92DC3-866E-4E42-B9BE-3447364F91EE}.Release|x64.Build.0 = Release|Any CPU
		{ACD92DC3-866E-4E42-B9BE-3447364F91EE}.Release|x86.ActiveCfg = Release|Any CPU
		{ACD92DC3-866E-4E42-B9BE-3447364F91EE}.Release|x86.Build.0 = Release|Any CPU
		{4236A9AE-747B-4E56-AA10-53B4F8328E82}.Debug|Any CPU.ActiveCfg = Debug|Any CPU
		{4236A9AE-747B-4E56-AA10-53B4F8328E82}.Debug|Any CPU.Build.0 = Debug|Any CPU
		{4236A9AE-747B-4E56-AA10-53B4F8328E82}.Debug|ARM.ActiveCfg = Debug|Any CPU
		{4236A9AE-747B-4E56-AA10-53B4F8328E82}.Debug|ARM.Build.0 = Debug|Any CPU
		{4236A9AE-747B-4E56-AA10-53B4F8328E82}.Debug|iPhone.ActiveCfg = Debug|Any CPU
		{4236A9AE-747B-4E56-AA10-53B4F8328E82}.Debug|iPhone.Build.0 = Debug|Any CPU
		{4236A9AE-747B-4E56-AA10-53B4F8328E82}.Debug|iPhoneSimulator.ActiveCfg = Debug|Any CPU
		{4236A9AE-747B-4E56-AA10-53B4F8328E82}.Debug|iPhoneSimulator.Build.0 = Debug|Any CPU
		{4236A9AE-747B-4E56-AA10-53B4F8328E82}.Debug|x64.ActiveCfg = Debug|Any CPU
		{4236A9AE-747B-4E56-AA10-53B4F8328E82}.Debug|x64.Build.0 = Debug|Any CPU
		{4236A9AE-747B-4E56-AA10-53B4F8328E82}.Debug|x86.ActiveCfg = Debug|Any CPU
		{4236A9AE-747B-4E56-AA10-53B4F8328E82}.Debug|x86.Build.0 = Debug|Any CPU
		{4236A9AE-747B-4E56-AA10-53B4F8328E82}.Release|Any CPU.ActiveCfg = Release|Any CPU
		{4236A9AE-747B-4E56-AA10-53B4F8328E82}.Release|Any CPU.Build.0 = Release|Any CPU
		{4236A9AE-747B-4E56-AA10-53B4F8328E82}.Release|ARM.ActiveCfg = Release|Any CPU
		{4236A9AE-747B-4E56-AA10-53B4F8328E82}.Release|ARM.Build.0 = Release|Any CPU
		{4236A9AE-747B-4E56-AA10-53B4F8328E82}.Release|iPhone.ActiveCfg = Release|Any CPU
		{4236A9AE-747B-4E56-AA10-53B4F8328E82}.Release|iPhone.Build.0 = Release|Any CPU
		{4236A9AE-747B-4E56-AA10-53B4F8328E82}.Release|iPhoneSimulator.ActiveCfg = Release|Any CPU
		{4236A9AE-747B-4E56-AA10-53B4F8328E82}.Release|iPhoneSimulator.Build.0 = Release|Any CPU
		{4236A9AE-747B-4E56-AA10-53B4F8328E82}.Release|x64.ActiveCfg = Release|Any CPU
		{4236A9AE-747B-4E56-AA10-53B4F8328E82}.Release|x64.Build.0 = Release|Any CPU
		{4236A9AE-747B-4E56-AA10-53B4F8328E82}.Release|x86.ActiveCfg = Release|Any CPU
		{4236A9AE-747B-4E56-AA10-53B4F8328E82}.Release|x86.Build.0 = Release|Any CPU
		{A5AB6415-644D-4BE6-95B8-14B158883422}.Debug|Any CPU.ActiveCfg = Debug|Any CPU
		{A5AB6415-644D-4BE6-95B8-14B158883422}.Debug|Any CPU.Build.0 = Debug|Any CPU
		{A5AB6415-644D-4BE6-95B8-14B158883422}.Debug|ARM.ActiveCfg = Debug|Any CPU
		{A5AB6415-644D-4BE6-95B8-14B158883422}.Debug|ARM.Build.0 = Debug|Any CPU
		{A5AB6415-644D-4BE6-95B8-14B158883422}.Debug|iPhone.ActiveCfg = Debug|Any CPU
		{A5AB6415-644D-4BE6-95B8-14B158883422}.Debug|iPhone.Build.0 = Debug|Any CPU
		{A5AB6415-644D-4BE6-95B8-14B158883422}.Debug|iPhoneSimulator.ActiveCfg = Debug|Any CPU
		{A5AB6415-644D-4BE6-95B8-14B158883422}.Debug|iPhoneSimulator.Build.0 = Debug|Any CPU
		{A5AB6415-644D-4BE6-95B8-14B158883422}.Debug|x64.ActiveCfg = Debug|Any CPU
		{A5AB6415-644D-4BE6-95B8-14B158883422}.Debug|x64.Build.0 = Debug|Any CPU
		{A5AB6415-644D-4BE6-95B8-14B158883422}.Debug|x86.ActiveCfg = Debug|Any CPU
		{A5AB6415-644D-4BE6-95B8-14B158883422}.Debug|x86.Build.0 = Debug|Any CPU
		{A5AB6415-644D-4BE6-95B8-14B158883422}.Release|Any CPU.ActiveCfg = Release|Any CPU
		{A5AB6415-644D-4BE6-95B8-14B158883422}.Release|Any CPU.Build.0 = Release|Any CPU
		{A5AB6415-644D-4BE6-95B8-14B158883422}.Release|ARM.ActiveCfg = Release|Any CPU
		{A5AB6415-644D-4BE6-95B8-14B158883422}.Release|ARM.Build.0 = Release|Any CPU
		{A5AB6415-644D-4BE6-95B8-14B158883422}.Release|iPhone.ActiveCfg = Release|Any CPU
		{A5AB6415-644D-4BE6-95B8-14B158883422}.Release|iPhone.Build.0 = Release|Any CPU
		{A5AB6415-644D-4BE6-95B8-14B158883422}.Release|iPhoneSimulator.ActiveCfg = Release|Any CPU
		{A5AB6415-644D-4BE6-95B8-14B158883422}.Release|iPhoneSimulator.Build.0 = Release|Any CPU
		{A5AB6415-644D-4BE6-95B8-14B158883422}.Release|x64.ActiveCfg = Release|Any CPU
		{A5AB6415-644D-4BE6-95B8-14B158883422}.Release|x64.Build.0 = Release|Any CPU
		{A5AB6415-644D-4BE6-95B8-14B158883422}.Release|x86.ActiveCfg = Release|Any CPU
		{A5AB6415-644D-4BE6-95B8-14B158883422}.Release|x86.Build.0 = Release|Any CPU
		{4A97E41C-2050-4170-B192-F2D13FE201E7}.Debug|Any CPU.ActiveCfg = Debug|Any CPU
		{4A97E41C-2050-4170-B192-F2D13FE201E7}.Debug|Any CPU.Build.0 = Debug|Any CPU
		{4A97E41C-2050-4170-B192-F2D13FE201E7}.Debug|ARM.ActiveCfg = Debug|Any CPU
		{4A97E41C-2050-4170-B192-F2D13FE201E7}.Debug|ARM.Build.0 = Debug|Any CPU
		{4A97E41C-2050-4170-B192-F2D13FE201E7}.Debug|iPhone.ActiveCfg = Debug|Any CPU
		{4A97E41C-2050-4170-B192-F2D13FE201E7}.Debug|iPhone.Build.0 = Debug|Any CPU
		{4A97E41C-2050-4170-B192-F2D13FE201E7}.Debug|iPhoneSimulator.ActiveCfg = Debug|Any CPU
		{4A97E41C-2050-4170-B192-F2D13FE201E7}.Debug|iPhoneSimulator.Build.0 = Debug|Any CPU
		{4A97E41C-2050-4170-B192-F2D13FE201E7}.Debug|x64.ActiveCfg = Debug|Any CPU
		{4A97E41C-2050-4170-B192-F2D13FE201E7}.Debug|x64.Build.0 = Debug|Any CPU
		{4A97E41C-2050-4170-B192-F2D13FE201E7}.Debug|x86.ActiveCfg = Debug|Any CPU
		{4A97E41C-2050-4170-B192-F2D13FE201E7}.Debug|x86.Build.0 = Debug|Any CPU
		{4A97E41C-2050-4170-B192-F2D13FE201E7}.Release|Any CPU.ActiveCfg = Release|Any CPU
		{4A97E41C-2050-4170-B192-F2D13FE201E7}.Release|Any CPU.Build.0 = Release|Any CPU
		{4A97E41C-2050-4170-B192-F2D13FE201E7}.Release|ARM.ActiveCfg = Release|Any CPU
		{4A97E41C-2050-4170-B192-F2D13FE201E7}.Release|ARM.Build.0 = Release|Any CPU
		{4A97E41C-2050-4170-B192-F2D13FE201E7}.Release|iPhone.ActiveCfg = Release|Any CPU
		{4A97E41C-2050-4170-B192-F2D13FE201E7}.Release|iPhone.Build.0 = Release|Any CPU
		{4A97E41C-2050-4170-B192-F2D13FE201E7}.Release|iPhoneSimulator.ActiveCfg = Release|Any CPU
		{4A97E41C-2050-4170-B192-F2D13FE201E7}.Release|iPhoneSimulator.Build.0 = Release|Any CPU
		{4A97E41C-2050-4170-B192-F2D13FE201E7}.Release|x64.ActiveCfg = Release|Any CPU
		{4A97E41C-2050-4170-B192-F2D13FE201E7}.Release|x64.Build.0 = Release|Any CPU
		{4A97E41C-2050-4170-B192-F2D13FE201E7}.Release|x86.ActiveCfg = Release|Any CPU
		{4A97E41C-2050-4170-B192-F2D13FE201E7}.Release|x86.Build.0 = Release|Any CPU
	EndGlobalSection
	GlobalSection(SolutionProperties) = preSolution
		HideSolutionNode = FALSE
	EndGlobalSection
	GlobalSection(NestedProjects) = preSolution
		{73B3F63E-F9D3-479E-A5BD-EF8F759D0C33} = {4CA9FFCB-F1E8-4F14-BA58-E418BBA58A72}
		{469DBB4C-495F-4713-BA66-BDA8C1923EA9} = {DF379BD6-9BC9-429F-A5F7-278274C6038E}
		{93832B87-96D8-43A5-AEE3-C4F9DA1D9086} = {C13D4610-42E8-46E0-9455-7CA1254B0B4A}
		{0783706D-FE8F-4130-9A10-84010D392824} = {4CA9FFCB-F1E8-4F14-BA58-E418BBA58A72}
		{2E400F0B-3F9E-4A2F-90DA-66ADB1C664BF} = {DF379BD6-9BC9-429F-A5F7-278274C6038E}
		{8509FD1D-357F-4805-937F-A7829158C6F8} = {4CA9FFCB-F1E8-4F14-BA58-E418BBA58A72}
		{ACD92DC3-866E-4E42-B9BE-3447364F91EE} = {C13D4610-42E8-46E0-9455-7CA1254B0B4A}
		{4236A9AE-747B-4E56-AA10-53B4F8328E82} = {8CDE87AB-903B-4415-9AA2-507D0F7EE82B}
		{A5AB6415-644D-4BE6-95B8-14B158883422} = {8CDE87AB-903B-4415-9AA2-507D0F7EE82B}
		{4A97E41C-2050-4170-B192-F2D13FE201E7} = {C13D4610-42E8-46E0-9455-7CA1254B0B4A}
	EndGlobalSection
	GlobalSection(ExtensibilityGlobals) = postSolution
		SolutionGuid = {0283DF95-9A95-40ED-BF12-5A4EE2169B92}
	EndGlobalSection
EndGlobal
