
Microsoft Visual Studio Solution File, Format Version 12.00
# Visual Studio Version 16
VisualStudioVersion = 16.0.30011.22
MinimumVisualStudioVersion = 10.0.40219.1
Project("{2150E333-8FDC-42A3-9474-1A3956D46DE8}") = "Domain", "Domain", "{4557A60D-1B9A-433B-8CC0-9277B264598D}"
EndProject
Project("{2150E333-8FDC-42A3-9474-1A3956D46DE8}") = "Infrastructure", "Infrastructure", "{BCD2D639-87B2-4635-BFDB-C60BE9F823A1}"
EndProject
Project("{2150E333-8FDC-42A3-9474-1A3956D46DE8}") = "Service", "Service", "{6A969C5C-28DD-4861-9784-32C9B722DDD2}"
EndProject
Project("{2150E333-8FDC-42A3-9474-1A3956D46DE8}") = "Test", "Test", "{6108BC1D-4253-4163-AEAD-44591F8D3329}"
EndProject
Project("{2150E333-8FDC-42A3-9474-1A3956D46DE8}") = "Presentation", "Presentation", "{0B8F0083-5DB1-4FD3-BE66-EFE32BE232BD}"
EndProject
Project("{9A19103F-16F7-4668-BE54-9A1E7A4F7556}") = "Domain.Model", "Domain.Model\Domain.Model.csproj", "{9971EE33-E57D-42DE-92D7-771A57A5517B}"
EndProject
Project("{9A19103F-16F7-4668-BE54-9A1E7A4F7556}") = "Infrastructure.SqliteDal", "Infrastructure.SqliteDal\Infrastructure.SqliteDal.csproj", "{3720FD7D-41A1-46FC-B460-A6997B330D0B}"
EndProject
Project("{9A19103F-16F7-4668-BE54-9A1E7A4F7556}") = "Domain.Model.Test", "Domain.Model.Test\Domain.Model.Test.csproj", "{080F5FF9-790A-4532-A1E0-704BDAEB534A}"
EndProject
Project("{FAE04EC0-301F-11D3-BF4B-00C04F79EFBC}") = "Presentation.Web.Server", "Presentation.Web\Server\Presentation.Web.Server.csproj", "{C1612967-ADAB-45D4-AC3C-1BEF02F2621E}"
EndProject
Project("{FAE04EC0-301F-11D3-BF4B-00C04F79EFBC}") = "Presentation.Web.Client", "Presentation.Web\Client\Presentation.Web.Client.csproj", "{D5E33455-9CE5-43B8-9FAD-701E7CC85902}"
EndProject
Project("{FAE04EC0-301F-11D3-BF4B-00C04F79EFBC}") = "Presentation.Web.Shared", "Presentation.Web\Shared\Presentation.Web.Shared.csproj", "{CC711E75-68DB-4051-8147-372DE303C723}"
EndProject
Global
	GlobalSection(SolutionConfigurationPlatforms) = preSolution
		Debug|Any CPU = Debug|Any CPU
		Release|Any CPU = Release|Any CPU
	EndGlobalSection
	GlobalSection(ProjectConfigurationPlatforms) = postSolution
		{9971EE33-E57D-42DE-92D7-771A57A5517B}.Debug|Any CPU.ActiveCfg = Debug|Any CPU
		{9971EE33-E57D-42DE-92D7-771A57A5517B}.Debug|Any CPU.Build.0 = Debug|Any CPU
		{9971EE33-E57D-42DE-92D7-771A57A5517B}.Release|Any CPU.ActiveCfg = Release|Any CPU
		{9971EE33-E57D-42DE-92D7-771A57A5517B}.Release|Any CPU.Build.0 = Release|Any CPU
		{3720FD7D-41A1-46FC-B460-A6997B330D0B}.Debug|Any CPU.ActiveCfg = Debug|Any CPU
		{3720FD7D-41A1-46FC-B460-A6997B330D0B}.Debug|Any CPU.Build.0 = Debug|Any CPU
		{3720FD7D-41A1-46FC-B460-A6997B330D0B}.Release|Any CPU.ActiveCfg = Release|Any CPU
		{3720FD7D-41A1-46FC-B460-A6997B330D0B}.Release|Any CPU.Build.0 = Release|Any CPU
		{080F5FF9-790A-4532-A1E0-704BDAEB534A}.Debug|Any CPU.ActiveCfg = Debug|Any CPU
		{080F5FF9-790A-4532-A1E0-704BDAEB534A}.Debug|Any CPU.Build.0 = Debug|Any CPU
		{080F5FF9-790A-4532-A1E0-704BDAEB534A}.Release|Any CPU.ActiveCfg = Release|Any CPU
		{080F5FF9-790A-4532-A1E0-704BDAEB534A}.Release|Any CPU.Build.0 = Release|Any CPU
		{C1612967-ADAB-45D4-AC3C-1BEF02F2621E}.Debug|Any CPU.ActiveCfg = Debug|Any CPU
		{C1612967-ADAB-45D4-AC3C-1BEF02F2621E}.Debug|Any CPU.Build.0 = Debug|Any CPU
		{C1612967-ADAB-45D4-AC3C-1BEF02F2621E}.Release|Any CPU.ActiveCfg = Release|Any CPU
		{C1612967-ADAB-45D4-AC3C-1BEF02F2621E}.Release|Any CPU.Build.0 = Release|Any CPU
		{D5E33455-9CE5-43B8-9FAD-701E7CC85902}.Debug|Any CPU.ActiveCfg = Debug|Any CPU
		{D5E33455-9CE5-43B8-9FAD-701E7CC85902}.Debug|Any CPU.Build.0 = Debug|Any CPU
		{D5E33455-9CE5-43B8-9FAD-701E7CC85902}.Release|Any CPU.ActiveCfg = Release|Any CPU
		{D5E33455-9CE5-43B8-9FAD-701E7CC85902}.Release|Any CPU.Build.0 = Release|Any CPU
		{CC711E75-68DB-4051-8147-372DE303C723}.Debug|Any CPU.ActiveCfg = Debug|Any CPU
		{CC711E75-68DB-4051-8147-372DE303C723}.Debug|Any CPU.Build.0 = Debug|Any CPU
		{CC711E75-68DB-4051-8147-372DE303C723}.Release|Any CPU.ActiveCfg = Release|Any CPU
		{CC711E75-68DB-4051-8147-372DE303C723}.Release|Any CPU.Build.0 = Release|Any CPU
	EndGlobalSection
	GlobalSection(SolutionProperties) = preSolution
		HideSolutionNode = FALSE
	EndGlobalSection
	GlobalSection(NestedProjects) = preSolution
		{9971EE33-E57D-42DE-92D7-771A57A5517B} = {4557A60D-1B9A-433B-8CC0-9277B264598D}
		{3720FD7D-41A1-46FC-B460-A6997B330D0B} = {BCD2D639-87B2-4635-BFDB-C60BE9F823A1}
		{080F5FF9-790A-4532-A1E0-704BDAEB534A} = {6108BC1D-4253-4163-AEAD-44591F8D3329}
		{C1612967-ADAB-45D4-AC3C-1BEF02F2621E} = {0B8F0083-5DB1-4FD3-BE66-EFE32BE232BD}
		{D5E33455-9CE5-43B8-9FAD-701E7CC85902} = {0B8F0083-5DB1-4FD3-BE66-EFE32BE232BD}
		{CC711E75-68DB-4051-8147-372DE303C723} = {0B8F0083-5DB1-4FD3-BE66-EFE32BE232BD}
	EndGlobalSection
	GlobalSection(ExtensibilityGlobals) = postSolution
		SolutionGuid = {CA7254B7-88E4-4511-984B-BF837CBF5207}
	EndGlobalSection
EndGlobal
