
Microsoft Visual Studio Solution File, Format Version 12.00
# Visual Studio Version 16
VisualStudioVersion = 16.0.30011.22
MinimumVisualStudioVersion = 10.0.40219.1
Project("{2150E333-8FDC-42A3-9474-1A3956D46DE8}") = "Domain", "Domain", "{4557A60D-1B9A-433B-8CC0-9277B264598D}"
EndProject
Project("{9A19103F-16F7-4668-BE54-9A1E7A4F7556}") = "Core", "Core\Core.csproj", "{8D53C115-56B6-422D-8940-01F8830AA8A5}"
EndProject
Project("{9A19103F-16F7-4668-BE54-9A1E7A4F7556}") = "Interface", "Interface\Interface.csproj", "{7B2E812F-5DE4-453F-85B3-2932861CB955}"
EndProject
Project("{9A19103F-16F7-4668-BE54-9A1E7A4F7556}") = "Model", "Model\Model.csproj", "{30BA36A5-ACC3-4C86-8724-660C1C0187D1}"
EndProject
Project("{9A19103F-16F7-4668-BE54-9A1E7A4F7556}") = "ValueObject", "ValueObject\ValueObject.csproj", "{E8108B92-585F-44D0-BD8B-61F815DECC37}"
EndProject
Project("{2150E333-8FDC-42A3-9474-1A3956D46DE8}") = "Infrastructure", "Infrastructure", "{BCD2D639-87B2-4635-BFDB-C60BE9F823A1}"
EndProject
Project("{9A19103F-16F7-4668-BE54-9A1E7A4F7556}") = "Infrastructure.Core", "Infrastructure.Core\Infrastructure.Core.csproj", "{FC868B5D-1C9A-49E2-BFF9-4DF520F4441D}"
EndProject
Project("{9A19103F-16F7-4668-BE54-9A1E7A4F7556}") = "SqliteDal", "SqliteDal\SqliteDal.csproj", "{800D57CB-F7CB-45A1-8C92-954802A879E3}"
EndProject
Project("{2150E333-8FDC-42A3-9474-1A3956D46DE8}") = "Services", "Services", "{6A969C5C-28DD-4861-9784-32C9B722DDD2}"
EndProject
Project("{2150E333-8FDC-42A3-9474-1A3956D46DE8}") = "Tests", "Tests", "{6108BC1D-4253-4163-AEAD-44591F8D3329}"
EndProject
Project("{2150E333-8FDC-42A3-9474-1A3956D46DE8}") = "Presentation", "Presentation", "{0B8F0083-5DB1-4FD3-BE66-EFE32BE232BD}"
EndProject
Project("{9A19103F-16F7-4668-BE54-9A1E7A4F7556}") = "Core.Test", "Core.Tests\Core.Test.csproj", "{47C6A3AF-80AF-4948-B20F-2BBDD6877CEB}"
EndProject
Project("{9A19103F-16F7-4668-BE54-9A1E7A4F7556}") = "Model.Test", "Model.Test\Model.Test.csproj", "{E323B8B6-40D4-4DD8-85D3-7B47996BD883}"
EndProject
Project("{9A19103F-16F7-4668-BE54-9A1E7A4F7556}") = "Infrastructure.Core.Test", "Infrastructure.Core.Test\Infrastructure.Core.Test.csproj", "{D0988312-DF31-4DC5-B1BA-1EDA7B66F7BF}"
EndProject
Project("{FAE04EC0-301F-11D3-BF4B-00C04F79EFBC}") = "Web.Server", "Web\Server\Web.Server.csproj", "{47B1FD61-15BA-4D6C-A45C-9C9CDF3C8877}"
EndProject
Project("{FAE04EC0-301F-11D3-BF4B-00C04F79EFBC}") = "Web.Client", "Web\Client\Web.Client.csproj", "{F4E42DDD-3EAA-4904-B86E-F65AEBB96F00}"
EndProject
Project("{FAE04EC0-301F-11D3-BF4B-00C04F79EFBC}") = "Web.Shared", "Web\Shared\Web.Shared.csproj", "{8F50C752-34FE-424B-A4D9-154C72E54A98}"
EndProject
Global
	GlobalSection(SolutionConfigurationPlatforms) = preSolution
		Debug|Any CPU = Debug|Any CPU
		Release|Any CPU = Release|Any CPU
	EndGlobalSection
	GlobalSection(ProjectConfigurationPlatforms) = postSolution
		{8D53C115-56B6-422D-8940-01F8830AA8A5}.Debug|Any CPU.ActiveCfg = Debug|Any CPU
		{8D53C115-56B6-422D-8940-01F8830AA8A5}.Debug|Any CPU.Build.0 = Debug|Any CPU
		{8D53C115-56B6-422D-8940-01F8830AA8A5}.Release|Any CPU.ActiveCfg = Release|Any CPU
		{8D53C115-56B6-422D-8940-01F8830AA8A5}.Release|Any CPU.Build.0 = Release|Any CPU
		{7B2E812F-5DE4-453F-85B3-2932861CB955}.Debug|Any CPU.ActiveCfg = Debug|Any CPU
		{7B2E812F-5DE4-453F-85B3-2932861CB955}.Debug|Any CPU.Build.0 = Debug|Any CPU
		{7B2E812F-5DE4-453F-85B3-2932861CB955}.Release|Any CPU.ActiveCfg = Release|Any CPU
		{7B2E812F-5DE4-453F-85B3-2932861CB955}.Release|Any CPU.Build.0 = Release|Any CPU
		{30BA36A5-ACC3-4C86-8724-660C1C0187D1}.Debug|Any CPU.ActiveCfg = Debug|Any CPU
		{30BA36A5-ACC3-4C86-8724-660C1C0187D1}.Debug|Any CPU.Build.0 = Debug|Any CPU
		{30BA36A5-ACC3-4C86-8724-660C1C0187D1}.Release|Any CPU.ActiveCfg = Release|Any CPU
		{30BA36A5-ACC3-4C86-8724-660C1C0187D1}.Release|Any CPU.Build.0 = Release|Any CPU
		{E8108B92-585F-44D0-BD8B-61F815DECC37}.Debug|Any CPU.ActiveCfg = Debug|Any CPU
		{E8108B92-585F-44D0-BD8B-61F815DECC37}.Debug|Any CPU.Build.0 = Debug|Any CPU
		{E8108B92-585F-44D0-BD8B-61F815DECC37}.Release|Any CPU.ActiveCfg = Release|Any CPU
		{E8108B92-585F-44D0-BD8B-61F815DECC37}.Release|Any CPU.Build.0 = Release|Any CPU
		{FC868B5D-1C9A-49E2-BFF9-4DF520F4441D}.Debug|Any CPU.ActiveCfg = Debug|Any CPU
		{FC868B5D-1C9A-49E2-BFF9-4DF520F4441D}.Debug|Any CPU.Build.0 = Debug|Any CPU
		{FC868B5D-1C9A-49E2-BFF9-4DF520F4441D}.Release|Any CPU.ActiveCfg = Release|Any CPU
		{FC868B5D-1C9A-49E2-BFF9-4DF520F4441D}.Release|Any CPU.Build.0 = Release|Any CPU
		{800D57CB-F7CB-45A1-8C92-954802A879E3}.Debug|Any CPU.ActiveCfg = Debug|Any CPU
		{800D57CB-F7CB-45A1-8C92-954802A879E3}.Debug|Any CPU.Build.0 = Debug|Any CPU
		{800D57CB-F7CB-45A1-8C92-954802A879E3}.Release|Any CPU.ActiveCfg = Release|Any CPU
		{800D57CB-F7CB-45A1-8C92-954802A879E3}.Release|Any CPU.Build.0 = Release|Any CPU
		{47C6A3AF-80AF-4948-B20F-2BBDD6877CEB}.Debug|Any CPU.ActiveCfg = Debug|Any CPU
		{47C6A3AF-80AF-4948-B20F-2BBDD6877CEB}.Debug|Any CPU.Build.0 = Debug|Any CPU
		{47C6A3AF-80AF-4948-B20F-2BBDD6877CEB}.Release|Any CPU.ActiveCfg = Release|Any CPU
		{47C6A3AF-80AF-4948-B20F-2BBDD6877CEB}.Release|Any CPU.Build.0 = Release|Any CPU
		{E323B8B6-40D4-4DD8-85D3-7B47996BD883}.Debug|Any CPU.ActiveCfg = Debug|Any CPU
		{E323B8B6-40D4-4DD8-85D3-7B47996BD883}.Debug|Any CPU.Build.0 = Debug|Any CPU
		{E323B8B6-40D4-4DD8-85D3-7B47996BD883}.Release|Any CPU.ActiveCfg = Release|Any CPU
		{E323B8B6-40D4-4DD8-85D3-7B47996BD883}.Release|Any CPU.Build.0 = Release|Any CPU
		{D0988312-DF31-4DC5-B1BA-1EDA7B66F7BF}.Debug|Any CPU.ActiveCfg = Debug|Any CPU
		{D0988312-DF31-4DC5-B1BA-1EDA7B66F7BF}.Debug|Any CPU.Build.0 = Debug|Any CPU
		{D0988312-DF31-4DC5-B1BA-1EDA7B66F7BF}.Release|Any CPU.ActiveCfg = Release|Any CPU
		{D0988312-DF31-4DC5-B1BA-1EDA7B66F7BF}.Release|Any CPU.Build.0 = Release|Any CPU
		{47B1FD61-15BA-4D6C-A45C-9C9CDF3C8877}.Debug|Any CPU.ActiveCfg = Debug|Any CPU
		{47B1FD61-15BA-4D6C-A45C-9C9CDF3C8877}.Debug|Any CPU.Build.0 = Debug|Any CPU
		{47B1FD61-15BA-4D6C-A45C-9C9CDF3C8877}.Release|Any CPU.ActiveCfg = Release|Any CPU
		{47B1FD61-15BA-4D6C-A45C-9C9CDF3C8877}.Release|Any CPU.Build.0 = Release|Any CPU
		{F4E42DDD-3EAA-4904-B86E-F65AEBB96F00}.Debug|Any CPU.ActiveCfg = Debug|Any CPU
		{F4E42DDD-3EAA-4904-B86E-F65AEBB96F00}.Debug|Any CPU.Build.0 = Debug|Any CPU
		{F4E42DDD-3EAA-4904-B86E-F65AEBB96F00}.Release|Any CPU.ActiveCfg = Release|Any CPU
		{F4E42DDD-3EAA-4904-B86E-F65AEBB96F00}.Release|Any CPU.Build.0 = Release|Any CPU
		{8F50C752-34FE-424B-A4D9-154C72E54A98}.Debug|Any CPU.ActiveCfg = Debug|Any CPU
		{8F50C752-34FE-424B-A4D9-154C72E54A98}.Debug|Any CPU.Build.0 = Debug|Any CPU
		{8F50C752-34FE-424B-A4D9-154C72E54A98}.Release|Any CPU.ActiveCfg = Release|Any CPU
		{8F50C752-34FE-424B-A4D9-154C72E54A98}.Release|Any CPU.Build.0 = Release|Any CPU
	EndGlobalSection
	GlobalSection(SolutionProperties) = preSolution
		HideSolutionNode = FALSE
	EndGlobalSection
	GlobalSection(NestedProjects) = preSolution
		{8D53C115-56B6-422D-8940-01F8830AA8A5} = {4557A60D-1B9A-433B-8CC0-9277B264598D}
		{7B2E812F-5DE4-453F-85B3-2932861CB955} = {4557A60D-1B9A-433B-8CC0-9277B264598D}
		{30BA36A5-ACC3-4C86-8724-660C1C0187D1} = {4557A60D-1B9A-433B-8CC0-9277B264598D}
		{E8108B92-585F-44D0-BD8B-61F815DECC37} = {4557A60D-1B9A-433B-8CC0-9277B264598D}
		{FC868B5D-1C9A-49E2-BFF9-4DF520F4441D} = {BCD2D639-87B2-4635-BFDB-C60BE9F823A1}
		{800D57CB-F7CB-45A1-8C92-954802A879E3} = {BCD2D639-87B2-4635-BFDB-C60BE9F823A1}
		{47C6A3AF-80AF-4948-B20F-2BBDD6877CEB} = {6108BC1D-4253-4163-AEAD-44591F8D3329}
		{E323B8B6-40D4-4DD8-85D3-7B47996BD883} = {6108BC1D-4253-4163-AEAD-44591F8D3329}
		{D0988312-DF31-4DC5-B1BA-1EDA7B66F7BF} = {6108BC1D-4253-4163-AEAD-44591F8D3329}
		{47B1FD61-15BA-4D6C-A45C-9C9CDF3C8877} = {0B8F0083-5DB1-4FD3-BE66-EFE32BE232BD}
		{F4E42DDD-3EAA-4904-B86E-F65AEBB96F00} = {0B8F0083-5DB1-4FD3-BE66-EFE32BE232BD}
		{8F50C752-34FE-424B-A4D9-154C72E54A98} = {0B8F0083-5DB1-4FD3-BE66-EFE32BE232BD}
	EndGlobalSection
	GlobalSection(ExtensibilityGlobals) = postSolution
		SolutionGuid = {CA7254B7-88E4-4511-984B-BF837CBF5207}
	EndGlobalSection
EndGlobal
